PODS:
  - AFNetworking (2.5.2):
    - AFNetworking/NSURLConnection (= 2.5.2)
    - AFNetworking/NSURLSession (= 2.5.2)
    - AFNetworking/Reachability (= 2.5.2)
    - AFNetworking/Security (= 2.5.2)
    - AFNetworking/Serialization (= 2.5.2)
    - AFNetworking/UIKit (= 2.5.2)
  - AFNetworking/NSURLConnection (2.5.2):
    - AFNetworking/Reachability
    - AFNetworking/Security
    - AFNetworking/Serialization
  - AFNetworking/NSURLSession (2.5.2):
    - AFNetworking/Reachability
    - AFNetworking/Security
    - AFNetworking/Serialization
  - AFNetworking/Reachability (2.5.2)
  - AFNetworking/Security (2.5.2)
  - AFNetworking/Serialization (2.5.2)
  - AFNetworking/UIKit (2.5.2):
    - AFNetworking/NSURLConnection
    - AFNetworking/NSURLSession
  - ECSlidingViewController (2.0.3)
  - MBProgressHUD (0.9.1)
  - Reachability (3.2)
  - SAMTextView (0.2.2)
  - SDWebImage (3.7.2):
    - SDWebImage/Core (= 3.7.2)
  - SDWebImage/Core (3.7.2)
  - TBXML (1.5)

DEPENDENCIES:
  - AFNetworking
  - ECSlidingViewController (~> 2.0.1)
  - MBProgressHUD
  - Reachability
  - SAMTextView (~> 0.2.1)
  - SDWebImage (~> 3.7.1)
  - TBXML

SPEC CHECKSUMS:
  AFNetworking: fefbce9660acb17f48ae0011292d4da0f457bf36
  ECSlidingViewController: 6485c14f23b4487e9946535421ca8f111f86cc53
  MBProgressHUD: c47f2c166c126cf2ce36498d80f33e754d4e93ad
  Reachability: 33e18b67625424e47b6cde6d202dce689ad7af96
  SAMTextView: 979c43bb1fa5859ddfbfeb35e9c296a2b0ec55fd
  SDWebImage: 71b7cdc1d1721d6a82ed62889030225f2c249e29
  TBXML: 9f9dadb239f2f2af1dadb87fe43a0ce6e479379a

COCOAPODS: 0.36.3
