PODS:
  - MBProgressHUD (0.8)
  - Reachability (3.1.1)
  - TBXML (1.5)

DEPENDENCIES:
  - MBProgressHUD
  - Reachability
  - TBXML

SPEC CHECKSUMS:
  MBProgressHUD: 2bbc6f470111daf7f3eaa4eb12b8cbf01c4c0622
  Reachability: be4883bb93f31e38266ae3365e5600a317aae735
  TBXML: 0511ac325d83e59d3aefa4bc8cd6cbeff07a8d9e

COCOAPODS: 0.26.2
