// !$*UTF8*$!
{
	archiveVersion = 1;
	classes = {
	};
	objectVersion = 46;
	objects = {

/* Begin PBXBuildFile section */
		0A72ADD2A3AA4449A8D2C7FC /* libPods.a in Frameworks */ = {isa = PBXBuildFile; fileRef = 860B32250CAC4589B9915763 /* libPods.a */; };
		1600A33218933C71006DFF9B /* BTGlassScrollView.m in Sources */ = {isa = PBXBuildFile; fileRef = 1600A33118933C71006DFF9B /* BTGlassScrollView.m */; };
		16B3E6F418691C9A00ABC0CF /* Main.storyboard in Resources */ = {isa = PBXBuildFile; fileRef = 16B3E6F318691C9A00ABC0CF /* Main.storyboard */; };
		16B3E6F918691F1900ABC0CF /* ArticlesListViewController.m in Sources */ = {isa = PBXBuildFile; fileRef = 16B3E6F818691F1900ABC0CF /* ArticlesListViewController.m */; };
		16B3E709186937DD00ABC0CF /* UIImage+ImageEffects.m in Sources */ = {isa = PBXBuildFile; fileRef = 16B3E708186937DD00ABC0CF /* UIImage+ImageEffects.m */; };
		16B3E70C18693BD400ABC0CF /* GlassViewController.m in Sources */ = {isa = PBXBuildFile; fileRef = 16B3E70B18693BD400ABC0CF /* GlassViewController.m */; };
		16B3E70E18693E2500ABC0CF /* thomas2.jpg in Resources */ = {isa = PBXBuildFile; fileRef = 16B3E70D18693E2500ABC0CF /* thomas2.jpg */; };
		16B3E7141869502500ABC0CF /* ArticleViewController.m in Sources */ = {isa = PBXBuildFile; fileRef = 16B3E7131869502500ABC0CF /* ArticleViewController.m */; };
		16B3E7171869569700ABC0CF /* rink.jpg in Resources */ = {isa = PBXBuildFile; fileRef = 16B3E7151869569700ABC0CF /* rink.jpg */; };
		16B3E7181869569700ABC0CF /* game.jpg in Resources */ = {isa = PBXBuildFile; fileRef = 16B3E7161869569700ABC0CF /* game.jpg */; };
		16B3E71B186968EB00ABC0CF /* TestArticleViewController.m in Sources */ = {isa = PBXBuildFile; fileRef = 16B3E71A186968EB00ABC0CF /* TestArticleViewController.m */; };
		16B3E71D186A3F3700ABC0CF /* town.jpg in Resources */ = {isa = PBXBuildFile; fileRef = 16B3E71C186A3F3700ABC0CF /* town.jpg */; };
		16B3E71F186A50B000ABC0CF /* thomas.jpg in Resources */ = {isa = PBXBuildFile; fileRef = 16B3E71E186A50B000ABC0CF /* thomas.jpg */; };
		16B3E723186A6ECE00ABC0CF /* SandBClient.m in Sources */ = {isa = PBXBuildFile; fileRef = 16B3E722186A6ECE00ABC0CF /* SandBClient.m */; };
		16B3E726186B929200ABC0CF /* DataModel.m in Sources */ = {isa = PBXBuildFile; fileRef = 16B3E725186B929200ABC0CF /* DataModel.m */; };
		16D5F369186CEADE00668D91 /* theg.jpg in Resources */ = {isa = PBXBuildFile; fileRef = 16D5F368186CEADE00668D91 /* theg.jpg */; };
		16E425AE187DD5F200695381 /* Crashlytics.framework in Frameworks */ = {isa = PBXBuildFile; fileRef = 16E425AD187DD5F200695381 /* Crashlytics.framework */; };
		3BD9DEA816D17A1B0053C1C5 /* newspaper.png in Resources */ = {isa = PBXBuildFile; fileRef = 3BD9DEA716D17A1B0053C1C5 /* newspaper.png */; };
		3BD9DEAC16D17A390053C1C5 /* basketball.png in Resources */ = {isa = PBXBuildFile; fileRef = 3BD9DEA916D17A390053C1C5 /* basketball.png */; };
		3BD9DEAD16D17A390053C1C5 /* brain.png in Resources */ = {isa = PBXBuildFile; fileRef = 3BD9DEAA16D17A390053C1C5 /* brain.png */; };
		3BD9DEAE16D17A390053C1C5 /* drama.png in Resources */ = {isa = PBXBuildFile; fileRef = 3BD9DEAB16D17A390053C1C5 /* drama.png */; };
		3BD9DEB016D17E260053C1C5 /* group.png in Resources */ = {isa = PBXBuildFile; fileRef = 3BD9DEAF16D17E260053C1C5 /* group.png */; };
		3BEBCE7C16C59D0B00B6DD08 /* SuperViewController.m in Sources */ = {isa = PBXBuildFile; fileRef = 3BEBCE7B16C59D0B00B6DD08 /* SuperViewController.m */; };
		3BEBCE8116C5A79900B6DD08 /* FeaturesViewController.m in Sources */ = {isa = PBXBuildFile; fileRef = 3BEBCE7F16C5A79900B6DD08 /* FeaturesViewController.m */; };
		3BEBCE8216C5A79900B6DD08 /* FeaturesViewController.xib in Resources */ = {isa = PBXBuildFile; fileRef = 3BEBCE8016C5A79900B6DD08 /* FeaturesViewController.xib */; };
		3BEBCE8A16C5AB7000B6DD08 /* OpinionViewController.m in Sources */ = {isa = PBXBuildFile; fileRef = 3BEBCE8816C5AB7000B6DD08 /* OpinionViewController.m */; };
		3BEBCE8B16C5AB7000B6DD08 /* OpinionViewController.xib in Resources */ = {isa = PBXBuildFile; fileRef = 3BEBCE8916C5AB7000B6DD08 /* OpinionViewController.xib */; };
		8B125BAB1720FD5E00C550F7 /* Icon-72.png in Resources */ = {isa = PBXBuildFile; fileRef = 8B125BAA1720FD5E00C550F7 /* Icon-72.png */; };
		8B125BAD1720FD7900C550F7 /* SnBLogoNew144.png in Resources */ = {isa = PBXBuildFile; fileRef = 8B125BAC1720FD7900C550F7 /* SnBLogoNew144.png */; };
		8B125BAF1720FE1B00C550F7 /* Icon.png in Resources */ = {isa = PBXBuildFile; fileRef = 8B125BAE1720FE1B00C550F7 /* Icon.png */; };
		8B125BB11720FECD00C550F7 /* Icon@2x.png in Resources */ = {isa = PBXBuildFile; fileRef = 8B125BB01720FECD00C550F7 /* Icon@2x.png */; };
		8B125BB31720FF4700C550F7 /* Icon-Small-50.png in Resources */ = {isa = PBXBuildFile; fileRef = 8B125BB21720FF4700C550F7 /* Icon-Small-50.png */; };
		8B125BB51720FFCD00C550F7 /* Icon-Small@2x.png in Resources */ = {isa = PBXBuildFile; fileRef = 8B125BB41720FFCC00C550F7 /* Icon-Small@2x.png */; };
		8B125BB71721005B00C550F7 /* Icon-Small.png in Resources */ = {isa = PBXBuildFile; fileRef = 8B125BB61721005B00C550F7 /* Icon-Small.png */; };
		8B125BB9172100C000C550F7 /* iTunesArtwork.png in Resources */ = {isa = PBXBuildFile; fileRef = 8B125BB8172100BF00C550F7 /* iTunesArtwork.png */; };
		8B125BBB172100FF00C550F7 /* iTunesArtwork@2x.png in Resources */ = {isa = PBXBuildFile; fileRef = 8B125BBA172100FF00C550F7 /* iTunesArtwork@2x.png */; };
		8B40D5041729D4060000128D /* TopBanneriPhone.png in Resources */ = {isa = PBXBuildFile; fileRef = 8B40D5031729D4060000128D /* TopBanneriPhone.png */; };
		8B40D5061729D4150000128D /* TopBanneriPad.png in Resources */ = {isa = PBXBuildFile; fileRef = 8B40D5051729D4150000128D /* TopBanneriPad.png */; };
		8B44468A18F23725002D1B42 /* UIScrollView+APParallaxHeader.m in Sources */ = {isa = PBXBuildFile; fileRef = 8B44468918F23725002D1B42 /* UIScrollView+APParallaxHeader.m */; };
		8B5B20761721DBCD00E9E3AA /* NewsViewController.m in Sources */ = {isa = PBXBuildFile; fileRef = 8B5B20751721DBCD00E9E3AA /* NewsViewController.m */; };
		8B5B20791721DBE900E9E3AA /* NewsViewController.xib in Resources */ = {isa = PBXBuildFile; fileRef = 8B5B20771721DBE900E9E3AA /* NewsViewController.xib */; };
		8B5DC4C918F1F4F500732D45 /* NewArticlesListTableViewController.m in Sources */ = {isa = PBXBuildFile; fileRef = 8B5DC4C818F1F4F500732D45 /* NewArticlesListTableViewController.m */; };
		8B5DC4CC18F1F57A00732D45 /* NewArticleCell.m in Sources */ = {isa = PBXBuildFile; fileRef = 8B5DC4CB18F1F57A00732D45 /* NewArticleCell.m */; };
		8B5DC4CF18F1F67B00732D45 /* MenuViewController.m in Sources */ = {isa = PBXBuildFile; fileRef = 8B5DC4CE18F1F67B00732D45 /* MenuViewController.m */; };
		8B5DC4D318F1F91A00732D45 /* NewArticleViewController.m in Sources */ = {isa = PBXBuildFile; fileRef = 8B5DC4D218F1F91A00732D45 /* NewArticleViewController.m */; };
		8B5DC4D618F1FD0200732D45 /* NewArticlePageViewHolderController.m in Sources */ = {isa = PBXBuildFile; fileRef = 8B5DC4D518F1FD0200732D45 /* NewArticlePageViewHolderController.m */; };
		8B5DC4D818F20A9400732D45 /* Images.xcassets in Resources */ = {isa = PBXBuildFile; fileRef = 8B5DC4D718F20A9400732D45 /* Images.xcassets */; };
		8B5DC4DB18F211E700732D45 /* ContentCell.m in Sources */ = {isa = PBXBuildFile; fileRef = 8B5DC4DA18F211E700732D45 /* ContentCell.m */; };
		8B71773F16D858FA001F1F94 /* SANDB.png in Resources */ = {isa = PBXBuildFile; fileRef = 8B71773E16D858FA001F1F94 /* SANDB.png */; };
		8B85640118D4D75B0098B83A /* ArticleCell.m in Sources */ = {isa = PBXBuildFile; fileRef = 8B85640018D4D75B0098B83A /* ArticleCell.m */; };
		8B85640D18D4DE1A0098B83A /* Raleway-Thin.ttf in Resources */ = {isa = PBXBuildFile; fileRef = 8B85640C18D4DA9A0098B83A /* Raleway-Thin.ttf */; };
		8B85640F18D4E0970098B83A /* Raleway-Regular.ttf in Resources */ = {isa = PBXBuildFile; fileRef = 8B85640E18D4DF470098B83A /* Raleway-Regular.ttf */; };
		8B85641218D4E4AE0098B83A /* featuresIcon.png in Resources */ = {isa = PBXBuildFile; fileRef = 8B85641018D4E4AE0098B83A /* featuresIcon.png */; };
		8B85641318D4E4AE0098B83A /* featuresIcon@2x.png in Resources */ = {isa = PBXBuildFile; fileRef = 8B85641118D4E4AE0098B83A /* featuresIcon@2x.png */; };
		8B85641618D4E6F40098B83A /* featuresColor.png in Resources */ = {isa = PBXBuildFile; fileRef = 8B85641418D4E6F40098B83A /* featuresColor.png */; };
		8B85641718D4E6F40098B83A /* featuresColor@2x.png in Resources */ = {isa = PBXBuildFile; fileRef = 8B85641518D4E6F40098B83A /* featuresColor@2x.png */; };
		8B9BB13916BC64F100C20358 /* SystemConfiguration.framework in Frameworks */ = {isa = PBXBuildFile; fileRef = 8B9BB13816BC64F100C20358 /* SystemConfiguration.framework */; };
		8B9BB17916BEEE8F00C20358 /* Article.m in Sources */ = {isa = PBXBuildFile; fileRef = 8B9BB17816BEEE8F00C20358 /* Article.m */; };
		8BC46F6116C823A3008642F7 /* ArtsViewController.m in Sources */ = {isa = PBXBuildFile; fileRef = 8BC46F5F16C823A3008642F7 /* ArtsViewController.m */; };
		8BC46F6216C823A3008642F7 /* ArtsViewController.xib in Resources */ = {isa = PBXBuildFile; fileRef = 8BC46F6016C823A3008642F7 /* ArtsViewController.xib */; };
		8BD1C81016B32493005F3F23 /* UIKit.framework in Frameworks */ = {isa = PBXBuildFile; fileRef = 8BD1C80F16B32493005F3F23 /* UIKit.framework */; };
		8BD1C81216B32493005F3F23 /* Foundation.framework in Frameworks */ = {isa = PBXBuildFile; fileRef = 8BD1C81116B32493005F3F23 /* Foundation.framework */; };
		8BD1C81416B32493005F3F23 /* CoreGraphics.framework in Frameworks */ = {isa = PBXBuildFile; fileRef = 8BD1C81316B32493005F3F23 /* CoreGraphics.framework */; };
		8BD1C81A16B32493005F3F23 /* InfoPlist.strings in Resources */ = {isa = PBXBuildFile; fileRef = 8BD1C81816B32493005F3F23 /* InfoPlist.strings */; };
		8BD1C81C16B32493005F3F23 /* main.m in Sources */ = {isa = PBXBuildFile; fileRef = 8BD1C81B16B32493005F3F23 /* main.m */; };
		8BD1C82016B32493005F3F23 /* AppDelegate.m in Sources */ = {isa = PBXBuildFile; fileRef = 8BD1C81F16B32493005F3F23 /* AppDelegate.m */; };
		8BD1C83016B32493005F3F23 /* SportsViewController.m in Sources */ = {isa = PBXBuildFile; fileRef = 8BD1C82F16B32493005F3F23 /* SportsViewController.m */; };
		8BD1C83D16B32493005F3F23 /* SportsViewController.xib in Resources */ = {isa = PBXBuildFile; fileRef = 8BD1C83B16B32493005F3F23 /* SportsViewController.xib */; };
		8BE8DFE116B5B29D0024A477 /* NewsCell.xib in Resources */ = {isa = PBXBuildFile; fileRef = 8BE8DFE016B5B29D0024A477 /* NewsCell.xib */; };
		8BFB80BC16D80F9800571249 /* NSString_stripHtml.m in Sources */ = {isa = PBXBuildFile; fileRef = 8BFB80BB16D80F9800571249 /* NSString_stripHtml.m */; };
		8BFF61F916D164DB00CF3714 /* CommunityViewController.m in Sources */ = {isa = PBXBuildFile; fileRef = 8BFF61F716D164DB00CF3714 /* CommunityViewController.m */; };
		8BFF61FA16D164DB00CF3714 /* CommunityViewController.xib in Resources */ = {isa = PBXBuildFile; fileRef = 8BFF61F816D164DB00CF3714 /* CommunityViewController.xib */; };
		8BFF61FC16D16D4500CF3714 /* refresh.png in Resources */ = {isa = PBXBuildFile; fileRef = 8BFF61FB16D16D4500CF3714 /* refresh.png */; };
		E198F63A1857B52600CBDDED /* CommentsViewController.m in Sources */ = {isa = PBXBuildFile; fileRef = E198F6381857B52600CBDDED /* CommentsViewController.m */; };
		E198F63B1857B52600CBDDED /* CommentsViewController.xib in Resources */ = {isa = PBXBuildFile; fileRef = E198F6391857B52600CBDDED /* CommentsViewController.xib */; };
		E198F63E1857BDBA00CBDDED /* Comment.m in Sources */ = {isa = PBXBuildFile; fileRef = E198F63D1857BDBA00CBDDED /* Comment.m */; };
		E19E290A180E5ED200ED33FE /* icon-29.png in Resources */ = {isa = PBXBuildFile; fileRef = E19E2903180E5ED200ED33FE /* icon-29.png */; };
		E19E290B180E5ED200ED33FE /* icon-40.png in Resources */ = {isa = PBXBuildFile; fileRef = E19E2904180E5ED200ED33FE /* icon-40.png */; };
		E19E290C180E5ED200ED33FE /* icon-58.png in Resources */ = {isa = PBXBuildFile; fileRef = E19E2905180E5ED200ED33FE /* icon-58.png */; };
		E19E290D180E5ED200ED33FE /* icon-76.png in Resources */ = {isa = PBXBuildFile; fileRef = E19E2906180E5ED200ED33FE /* icon-76.png */; };
		E19E290E180E5ED200ED33FE /* icon-80.png in Resources */ = {isa = PBXBuildFile; fileRef = E19E2907180E5ED200ED33FE /* icon-80.png */; };
		E19E290F180E5ED200ED33FE /* icon-120.png in Resources */ = {isa = PBXBuildFile; fileRef = E19E2908180E5ED200ED33FE /* icon-120.png */; };
		E19E2910180E5ED200ED33FE /* icon-152.png in Resources */ = {isa = PBXBuildFile; fileRef = E19E2909180E5ED200ED33FE /* icon-152.png */; };
		E1A0301B185E424E00C794F0 /* Default-568h@2x.png in Resources */ = {isa = PBXBuildFile; fileRef = E1A03015185E424E00C794F0 /* Default-568h@2x.png */; };
		E1A0301C185E424E00C794F0 /* Default-Landscape.png in Resources */ = {isa = PBXBuildFile; fileRef = E1A03016185E424E00C794F0 /* Default-Landscape.png */; };
		E1A0301D185E424E00C794F0 /* Default-Landscape@2x.png in Resources */ = {isa = PBXBuildFile; fileRef = E1A03017185E424E00C794F0 /* Default-Landscape@2x.png */; };
		E1A0301E185E424E00C794F0 /* Default-Portrait.png in Resources */ = {isa = PBXBuildFile; fileRef = E1A03018185E424E00C794F0 /* Default-Portrait.png */; };
		E1A0301F185E424E00C794F0 /* Default-Portrait@2x.png in Resources */ = {isa = PBXBuildFile; fileRef = E1A03019185E424E00C794F0 /* Default-Portrait@2x.png */; };
		E1A03020185E424E00C794F0 /* Default@2x.png in Resources */ = {isa = PBXBuildFile; fileRef = E1A0301A185E424E00C794F0 /* Default@2x.png */; };
		E1A1247C18590EAF00C43E73 /* CommentsCell.xib in Resources */ = {isa = PBXBuildFile; fileRef = E1A1247B18590EAF00C43E73 /* CommentsCell.xib */; };
/* End PBXBuildFile section */

/* Begin PBXFileReference section */
		1600A33118933C71006DFF9B /* BTGlassScrollView.m */ = {isa = PBXFileReference; fileEncoding = 4; lastKnownFileType = sourcecode.c.objc; path = BTGlassScrollView.m; sourceTree = "<group>"; };
		16B3E6F318691C9A00ABC0CF /* Main.storyboard */ = {isa = PBXFileReference; fileEncoding = 4; lastKnownFileType = file.storyboard; path = Main.storyboard; sourceTree = "<group>"; };
		16B3E6F718691F1900ABC0CF /* ArticlesListViewController.h */ = {isa = PBXFileReference; fileEncoding = 4; lastKnownFileType = sourcecode.c.h; path = ArticlesListViewController.h; sourceTree = "<group>"; };
		16B3E6F818691F1900ABC0CF /* ArticlesListViewController.m */ = {isa = PBXFileReference; fileEncoding = 4; lastKnownFileType = sourcecode.c.objc; path = ArticlesListViewController.m; sourceTree = "<group>"; };
		16B3E707186937DD00ABC0CF /* UIImage+ImageEffects.h */ = {isa = PBXFileReference; fileEncoding = 4; lastKnownFileType = sourcecode.c.h; path = "UIImage+ImageEffects.h"; sourceTree = "<group>"; };
		16B3E708186937DD00ABC0CF /* UIImage+ImageEffects.m */ = {isa = PBXFileReference; fileEncoding = 4; lastKnownFileType = sourcecode.c.objc; path = "UIImage+ImageEffects.m"; sourceTree = "<group>"; };
		16B3E70A18693BD400ABC0CF /* GlassViewController.h */ = {isa = PBXFileReference; fileEncoding = 4; lastKnownFileType = sourcecode.c.h; path = GlassViewController.h; sourceTree = "<group>"; };
		16B3E70B18693BD400ABC0CF /* GlassViewController.m */ = {isa = PBXFileReference; fileEncoding = 4; lastKnownFileType = sourcecode.c.objc; path = GlassViewController.m; sourceTree = "<group>"; };
		16B3E70D18693E2500ABC0CF /* thomas2.jpg */ = {isa = PBXFileReference; lastKnownFileType = image.jpeg; path = thomas2.jpg; sourceTree = "<group>"; };
		16B3E70F1869469400ABC0CF /* BTGlassScrollView.h */ = {isa = PBXFileReference; fileEncoding = 4; lastKnownFileType = sourcecode.c.h; path = BTGlassScrollView.h; sourceTree = "<group>"; };
		16B3E7121869502500ABC0CF /* ArticleViewController.h */ = {isa = PBXFileReference; fileEncoding = 4; lastKnownFileType = sourcecode.c.h; path = ArticleViewController.h; sourceTree = "<group>"; };
		16B3E7131869502500ABC0CF /* ArticleViewController.m */ = {isa = PBXFileReference; fileEncoding = 4; lastKnownFileType = sourcecode.c.objc; path = ArticleViewController.m; sourceTree = "<group>"; };
		16B3E7151869569700ABC0CF /* rink.jpg */ = {isa = PBXFileReference; lastKnownFileType = image.jpeg; path = rink.jpg; sourceTree = "<group>"; };
		16B3E7161869569700ABC0CF /* game.jpg */ = {isa = PBXFileReference; lastKnownFileType = image.jpeg; path = game.jpg; sourceTree = "<group>"; };
		16B3E719186968EB00ABC0CF /* TestArticleViewController.h */ = {isa = PBXFileReference; fileEncoding = 4; lastKnownFileType = sourcecode.c.h; path = TestArticleViewController.h; sourceTree = "<group>"; };
		16B3E71A186968EB00ABC0CF /* TestArticleViewController.m */ = {isa = PBXFileReference; fileEncoding = 4; lastKnownFileType = sourcecode.c.objc; path = TestArticleViewController.m; sourceTree = "<group>"; };
		16B3E71C186A3F3700ABC0CF /* town.jpg */ = {isa = PBXFileReference; lastKnownFileType = image.jpeg; path = town.jpg; sourceTree = "<group>"; };
		16B3E71E186A50B000ABC0CF /* thomas.jpg */ = {isa = PBXFileReference; lastKnownFileType = image.jpeg; path = thomas.jpg; sourceTree = "<group>"; };
		16B3E721186A6ECE00ABC0CF /* SandBClient.h */ = {isa = PBXFileReference; fileEncoding = 4; lastKnownFileType = sourcecode.c.h; path = SandBClient.h; sourceTree = "<group>"; };
		16B3E722186A6ECE00ABC0CF /* SandBClient.m */ = {isa = PBXFileReference; fileEncoding = 4; lastKnownFileType = sourcecode.c.objc; path = SandBClient.m; sourceTree = "<group>"; };
		16B3E724186B929200ABC0CF /* DataModel.h */ = {isa = PBXFileReference; fileEncoding = 4; lastKnownFileType = sourcecode.c.h; path = DataModel.h; sourceTree = "<group>"; };
		16B3E725186B929200ABC0CF /* DataModel.m */ = {isa = PBXFileReference; fileEncoding = 4; lastKnownFileType = sourcecode.c.objc; path = DataModel.m; sourceTree = "<group>"; };
		16D5F368186CEADE00668D91 /* theg.jpg */ = {isa = PBXFileReference; lastKnownFileType = image.jpeg; path = theg.jpg; sourceTree = "<group>"; };
		16E425AD187DD5F200695381 /* Crashlytics.framework */ = {isa = PBXFileReference; lastKnownFileType = wrapper.framework; path = Crashlytics.framework; sourceTree = "<group>"; };
		3BD9DEA716D17A1B0053C1C5 /* newspaper.png */ = {isa = PBXFileReference; lastKnownFileType = image.png; path = newspaper.png; sourceTree = "<group>"; };
		3BD9DEA916D17A390053C1C5 /* basketball.png */ = {isa = PBXFileReference; lastKnownFileType = image.png; path = basketball.png; sourceTree = "<group>"; };
		3BD9DEAA16D17A390053C1C5 /* brain.png */ = {isa = PBXFileReference; lastKnownFileType = image.png; path = brain.png; sourceTree = "<group>"; };
		3BD9DEAB16D17A390053C1C5 /* drama.png */ = {isa = PBXFileReference; lastKnownFileType = image.png; path = drama.png; sourceTree = "<group>"; };
		3BD9DEAF16D17E260053C1C5 /* group.png */ = {isa = PBXFileReference; lastKnownFileType = image.png; path = group.png; sourceTree = "<group>"; };
		3BEBCE7A16C59D0B00B6DD08 /* SuperViewController.h */ = {isa = PBXFileReference; fileEncoding = 4; lastKnownFileType = sourcecode.c.h; path = SuperViewController.h; sourceTree = "<group>"; };
		3BEBCE7B16C59D0B00B6DD08 /* SuperViewController.m */ = {isa = PBXFileReference; fileEncoding = 4; lastKnownFileType = sourcecode.c.objc; path = SuperViewController.m; sourceTree = "<group>"; };
		3BEBCE7E16C5A79900B6DD08 /* FeaturesViewController.h */ = {isa = PBXFileReference; fileEncoding = 4; lastKnownFileType = sourcecode.c.h; path = FeaturesViewController.h; sourceTree = "<group>"; };
		3BEBCE7F16C5A79900B6DD08 /* FeaturesViewController.m */ = {isa = PBXFileReference; fileEncoding = 4; lastKnownFileType = sourcecode.c.objc; path = FeaturesViewController.m; sourceTree = "<group>"; };
		3BEBCE8016C5A79900B6DD08 /* FeaturesViewController.xib */ = {isa = PBXFileReference; fileEncoding = 4; lastKnownFileType = file.xib; path = FeaturesViewController.xib; sourceTree = "<group>"; };
		3BEBCE8716C5AB7000B6DD08 /* OpinionViewController.h */ = {isa = PBXFileReference; fileEncoding = 4; lastKnownFileType = sourcecode.c.h; path = OpinionViewController.h; sourceTree = "<group>"; };
		3BEBCE8816C5AB7000B6DD08 /* OpinionViewController.m */ = {isa = PBXFileReference; fileEncoding = 4; lastKnownFileType = sourcecode.c.objc; path = OpinionViewController.m; sourceTree = "<group>"; };
		3BEBCE8916C5AB7000B6DD08 /* OpinionViewController.xib */ = {isa = PBXFileReference; fileEncoding = 4; lastKnownFileType = file.xib; path = OpinionViewController.xib; sourceTree = "<group>"; };
		43B56FF85CDE42F196966E07 /* Pods.xcconfig */ = {isa = PBXFileReference; includeInIndex = 1; lastKnownFileType = text.xcconfig; name = Pods.xcconfig; path = Pods/Pods.xcconfig; sourceTree = "<group>"; };
		860B32250CAC4589B9915763 /* libPods.a */ = {isa = PBXFileReference; explicitFileType = archive.ar; includeInIndex = 0; path = libPods.a; sourceTree = BUILT_PRODUCTS_DIR; };
		8B125BAA1720FD5E00C550F7 /* Icon-72.png */ = {isa = PBXFileReference; lastKnownFileType = image.png; path = "Icon-72.png"; sourceTree = "<group>"; };
		8B125BAC1720FD7900C550F7 /* SnBLogoNew144.png */ = {isa = PBXFileReference; lastKnownFileType = image.png; path = SnBLogoNew144.png; sourceTree = "<group>"; };
		8B125BAE1720FE1B00C550F7 /* Icon.png */ = {isa = PBXFileReference; lastKnownFileType = image.png; path = Icon.png; sourceTree = "<group>"; };
		8B125BB01720FECD00C550F7 /* Icon@2x.png */ = {isa = PBXFileReference; lastKnownFileType = image.png; path = "Icon@2x.png"; sourceTree = "<group>"; };
		8B125BB21720FF4700C550F7 /* Icon-Small-50.png */ = {isa = PBXFileReference; lastKnownFileType = image.png; path = "Icon-Small-50.png"; sourceTree = "<group>"; };
		8B125BB41720FFCC00C550F7 /* Icon-Small@2x.png */ = {isa = PBXFileReference; lastKnownFileType = image.png; path = "Icon-Small@2x.png"; sourceTree = "<group>"; };
		8B125BB61721005B00C550F7 /* Icon-Small.png */ = {isa = PBXFileReference; lastKnownFileType = image.png; path = "Icon-Small.png"; sourceTree = "<group>"; };
		8B125BB8172100BF00C550F7 /* iTunesArtwork.png */ = {isa = PBXFileReference; lastKnownFileType = image.png; path = iTunesArtwork.png; sourceTree = "<group>"; };
		8B125BBA172100FF00C550F7 /* iTunesArtwork@2x.png */ = {isa = PBXFileReference; lastKnownFileType = image.png; path = "iTunesArtwork@2x.png"; sourceTree = "<group>"; };
		8B40D5031729D4060000128D /* TopBanneriPhone.png */ = {isa = PBXFileReference; lastKnownFileType = image.png; path = TopBanneriPhone.png; sourceTree = "<group>"; };
		8B40D5051729D4150000128D /* TopBanneriPad.png */ = {isa = PBXFileReference; lastKnownFileType = image.png; path = TopBanneriPad.png; sourceTree = "<group>"; };
		8B44468818F23725002D1B42 /* UIScrollView+APParallaxHeader.h */ = {isa = PBXFileReference; fileEncoding = 4; lastKnownFileType = sourcecode.c.h; path = "UIScrollView+APParallaxHeader.h"; sourceTree = "<group>"; };
		8B44468918F23725002D1B42 /* UIScrollView+APParallaxHeader.m */ = {isa = PBXFileReference; fileEncoding = 4; lastKnownFileType = sourcecode.c.objc; path = "UIScrollView+APParallaxHeader.m"; sourceTree = "<group>"; };
		8B5B20741721DBCD00E9E3AA /* NewsViewController.h */ = {isa = PBXFileReference; fileEncoding = 4; lastKnownFileType = sourcecode.c.h; path = NewsViewController.h; sourceTree = "<group>"; };
		8B5B20751721DBCD00E9E3AA /* NewsViewController.m */ = {isa = PBXFileReference; fileEncoding = 4; lastKnownFileType = sourcecode.c.objc; path = NewsViewController.m; sourceTree = "<group>"; };
		8B5B20781721DBE900E9E3AA /* en */ = {isa = PBXFileReference; lastKnownFileType = file.xib; name = en; path = en.lproj/NewsViewController.xib; sourceTree = "<group>"; };
		8B5DC4C718F1F4F500732D45 /* NewArticlesListTableViewController.h */ = {isa = PBXFileReference; fileEncoding = 4; lastKnownFileType = sourcecode.c.h; name = NewArticlesListTableViewController.h; path = ../../NewArticlesListTableViewController.h; sourceTree = "<group>"; };
		8B5DC4C818F1F4F500732D45 /* NewArticlesListTableViewController.m */ = {isa = PBXFileReference; fileEncoding = 4; lastKnownFileType = sourcecode.c.objc; name = NewArticlesListTableViewController.m; path = ../../NewArticlesListTableViewController.m; sourceTree = "<group>"; };
		8B5DC4CA18F1F57A00732D45 /* NewArticleCell.h */ = {isa = PBXFileReference; fileEncoding = 4; lastKnownFileType = sourcecode.c.h; name = NewArticleCell.h; path = ../Model/NewArticleCell.h; sourceTree = "<group>"; };
		8B5DC4CB18F1F57A00732D45 /* NewArticleCell.m */ = {isa = PBXFileReference; fileEncoding = 4; lastKnownFileType = sourcecode.c.objc; name = NewArticleCell.m; path = ../Model/NewArticleCell.m; sourceTree = "<group>"; };
		8B5DC4CD18F1F67B00732D45 /* MenuViewController.h */ = {isa = PBXFileReference; fileEncoding = 4; lastKnownFileType = sourcecode.c.h; path = MenuViewController.h; sourceTree = "<group>"; };
		8B5DC4CE18F1F67B00732D45 /* MenuViewController.m */ = {isa = PBXFileReference; fileEncoding = 4; lastKnownFileType = sourcecode.c.objc; path = MenuViewController.m; sourceTree = "<group>"; };
		8B5DC4D118F1F91A00732D45 /* NewArticleViewController.h */ = {isa = PBXFileReference; fileEncoding = 4; lastKnownFileType = sourcecode.c.h; path = NewArticleViewController.h; sourceTree = "<group>"; };
		8B5DC4D218F1F91A00732D45 /* NewArticleViewController.m */ = {isa = PBXFileReference; fileEncoding = 4; lastKnownFileType = sourcecode.c.objc; path = NewArticleViewController.m; sourceTree = "<group>"; };
		8B5DC4D418F1FD0200732D45 /* NewArticlePageViewHolderController.h */ = {isa = PBXFileReference; fileEncoding = 4; lastKnownFileType = sourcecode.c.h; path = NewArticlePageViewHolderController.h; sourceTree = "<group>"; };
		8B5DC4D518F1FD0200732D45 /* NewArticlePageViewHolderController.m */ = {isa = PBXFileReference; fileEncoding = 4; lastKnownFileType = sourcecode.c.objc; path = NewArticlePageViewHolderController.m; sourceTree = "<group>"; };
		8B5DC4D718F20A9400732D45 /* Images.xcassets */ = {isa = PBXFileReference; lastKnownFileType = folder.assetcatalog; name = Images.xcassets; path = ../Images.xcassets; sourceTree = "<group>"; };
		8B5DC4D918F211E700732D45 /* ContentCell.h */ = {isa = PBXFileReference; fileEncoding = 4; lastKnownFileType = sourcecode.c.h; path = ContentCell.h; sourceTree = "<group>"; };
		8B5DC4DA18F211E700732D45 /* ContentCell.m */ = {isa = PBXFileReference; fileEncoding = 4; lastKnownFileType = sourcecode.c.objc; path = ContentCell.m; sourceTree = "<group>"; };
		8B71773E16D858FA001F1F94 /* SANDB.png */ = {isa = PBXFileReference; lastKnownFileType = image.png; path = SANDB.png; sourceTree = "<group>"; };
		8B8563FF18D4D75B0098B83A /* ArticleCell.h */ = {isa = PBXFileReference; fileEncoding = 4; lastKnownFileType = sourcecode.c.h; path = ArticleCell.h; sourceTree = "<group>"; };
		8B85640018D4D75B0098B83A /* ArticleCell.m */ = {isa = PBXFileReference; fileEncoding = 4; lastKnownFileType = sourcecode.c.objc; path = ArticleCell.m; sourceTree = "<group>"; };
		8B85640318D4D9760098B83A /* Raleway-Bold.otf */ = {isa = PBXFileReference; lastKnownFileType = file; path = "Raleway-Bold.otf"; sourceTree = "<group>"; };
		8B85640418D4D9760098B83A /* Raleway-ExtraBold.otf */ = {isa = PBXFileReference; lastKnownFileType = file; path = "Raleway-ExtraBold.otf"; sourceTree = "<group>"; };
		8B85640518D4D9760098B83A /* Raleway-ExtraLight.otf */ = {isa = PBXFileReference; lastKnownFileType = file; path = "Raleway-ExtraLight.otf"; sourceTree = "<group>"; };
		8B85640618D4D9760098B83A /* Raleway-Heavy.otf */ = {isa = PBXFileReference; lastKnownFileType = file; path = "Raleway-Heavy.otf"; sourceTree = "<group>"; };
		8B85640718D4D9760098B83A /* Raleway-Light.otf */ = {isa = PBXFileReference; lastKnownFileType = file; path = "Raleway-Light.otf"; sourceTree = "<group>"; };
		8B85640818D4D9760098B83A /* Raleway-Medium.otf */ = {isa = PBXFileReference; lastKnownFileType = file; path = "Raleway-Medium.otf"; sourceTree = "<group>"; };
		8B85640918D4D9760098B83A /* Raleway-Regular.otf */ = {isa = PBXFileReference; lastKnownFileType = file; path = "Raleway-Regular.otf"; sourceTree = "<group>"; };
		8B85640A18D4D9760098B83A /* Raleway-SemiBold.otf */ = {isa = PBXFileReference; lastKnownFileType = file; path = "Raleway-SemiBold.otf"; sourceTree = "<group>"; };
		8B85640B18D4D9760098B83A /* Raleway-Thin.otf */ = {isa = PBXFileReference; lastKnownFileType = file; path = "Raleway-Thin.otf"; sourceTree = "<group>"; };
		8B85640C18D4DA9A0098B83A /* Raleway-Thin.ttf */ = {isa = PBXFileReference; lastKnownFileType = file; name = "Raleway-Thin.ttf"; path = "../Raleway-Thin.ttf"; sourceTree = "<group>"; };
		8B85640E18D4DF470098B83A /* Raleway-Regular.ttf */ = {isa = PBXFileReference; lastKnownFileType = file; path = "Raleway-Regular.ttf"; sourceTree = "<group>"; };
		8B85641018D4E4AE0098B83A /* featuresIcon.png */ = {isa = PBXFileReference; lastKnownFileType = image.png; path = featuresIcon.png; sourceTree = "<group>"; };
		8B85641118D4E4AE0098B83A /* featuresIcon@2x.png */ = {isa = PBXFileReference; lastKnownFileType = image.png; path = "featuresIcon@2x.png"; sourceTree = "<group>"; };
		8B85641418D4E6F40098B83A /* featuresColor.png */ = {isa = PBXFileReference; lastKnownFileType = image.png; path = featuresColor.png; sourceTree = "<group>"; };
		8B85641518D4E6F40098B83A /* featuresColor@2x.png */ = {isa = PBXFileReference; lastKnownFileType = image.png; path = "featuresColor@2x.png"; sourceTree = "<group>"; };
		8B9BB13816BC64F100C20358 /* SystemConfiguration.framework */ = {isa = PBXFileReference; lastKnownFileType = wrapper.framework; name = SystemConfiguration.framework; path = System/Library/Frameworks/SystemConfiguration.framework; sourceTree = SDKROOT; };
		8B9BB17716BEEE8F00C20358 /* Article.h */ = {isa = PBXFileReference; fileEncoding = 4; lastKnownFileType = sourcecode.c.h; name = Article.h; path = ../Article.h; sourceTree = "<group>"; };
		8B9BB17816BEEE8F00C20358 /* Article.m */ = {isa = PBXFileReference; fileEncoding = 4; lastKnownFileType = sourcecode.c.objc; name = Article.m; path = ../Article.m; sourceTree = "<group>"; };
		8BC46F5E16C823A3008642F7 /* ArtsViewController.h */ = {isa = PBXFileReference; fileEncoding = 4; lastKnownFileType = sourcecode.c.h; path = ArtsViewController.h; sourceTree = "<group>"; };
		8BC46F5F16C823A3008642F7 /* ArtsViewController.m */ = {isa = PBXFileReference; fileEncoding = 4; lastKnownFileType = sourcecode.c.objc; path = ArtsViewController.m; sourceTree = "<group>"; };
		8BC46F6016C823A3008642F7 /* ArtsViewController.xib */ = {isa = PBXFileReference; fileEncoding = 4; lastKnownFileType = file.xib; path = ArtsViewController.xib; sourceTree = "<group>"; };
		8BD1C80B16B32493005F3F23 /* S&B.app */ = {isa = PBXFileReference; explicitFileType = wrapper.application; includeInIndex = 0; path = "S&B.app"; sourceTree = BUILT_PRODUCTS_DIR; };
		8BD1C80F16B32493005F3F23 /* UIKit.framework */ = {isa = PBXFileReference; lastKnownFileType = wrapper.framework; name = UIKit.framework; path = System/Library/Frameworks/UIKit.framework; sourceTree = SDKROOT; };
		8BD1C81116B32493005F3F23 /* Foundation.framework */ = {isa = PBXFileReference; lastKnownFileType = wrapper.framework; name = Foundation.framework; path = System/Library/Frameworks/Foundation.framework; sourceTree = SDKROOT; };
		8BD1C81316B32493005F3F23 /* CoreGraphics.framework */ = {isa = PBXFileReference; lastKnownFileType = wrapper.framework; name = CoreGraphics.framework; path = System/Library/Frameworks/CoreGraphics.framework; sourceTree = SDKROOT; };
		8BD1C81716B32493005F3F23 /* SandB-iOS-Info.plist */ = {isa = PBXFileReference; lastKnownFileType = text.plist.xml; path = "SandB-iOS-Info.plist"; sourceTree = "<group>"; };
		8BD1C81916B32493005F3F23 /* en */ = {isa = PBXFileReference; lastKnownFileType = text.plist.strings; name = en; path = en.lproj/InfoPlist.strings; sourceTree = "<group>"; };
		8BD1C81B16B32493005F3F23 /* main.m */ = {isa = PBXFileReference; lastKnownFileType = sourcecode.c.objc; path = main.m; sourceTree = "<group>"; };
		8BD1C81D16B32493005F3F23 /* SandB-iOS-Prefix.pch */ = {isa = PBXFileReference; lastKnownFileType = sourcecode.c.h; path = "SandB-iOS-Prefix.pch"; sourceTree = "<group>"; };
		8BD1C81E16B32493005F3F23 /* AppDelegate.h */ = {isa = PBXFileReference; lastKnownFileType = sourcecode.c.h; path = AppDelegate.h; sourceTree = "<group>"; };
		8BD1C81F16B32493005F3F23 /* AppDelegate.m */ = {isa = PBXFileReference; lastKnownFileType = sourcecode.c.objc; path = AppDelegate.m; sourceTree = "<group>"; };
		8BD1C82F16B32493005F3F23 /* SportsViewController.m */ = {isa = PBXFileReference; lastKnownFileType = sourcecode.c.objc; path = SportsViewController.m; sourceTree = "<group>"; };
		8BD1C83C16B32493005F3F23 /* en */ = {isa = PBXFileReference; lastKnownFileType = file.xib; name = en; path = en.lproj/SportsViewController.xib; sourceTree = "<group>"; };
		8BD1C84616B32E2B005F3F23 /* SportsViewController.h */ = {isa = PBXFileReference; lastKnownFileType = sourcecode.c.h; path = SportsViewController.h; sourceTree = "<group>"; };
		8BE8DFE016B5B29D0024A477 /* NewsCell.xib */ = {isa = PBXFileReference; fileEncoding = 4; lastKnownFileType = file.xib; path = NewsCell.xib; sourceTree = "<group>"; };
		8BFB80BA16D80F9800571249 /* NSString_stripHtml.h */ = {isa = PBXFileReference; fileEncoding = 4; lastKnownFileType = sourcecode.c.h; name = NSString_stripHtml.h; path = ../NSString_stripHtml.h; sourceTree = "<group>"; };
		8BFB80BB16D80F9800571249 /* NSString_stripHtml.m */ = {isa = PBXFileReference; fileEncoding = 4; lastKnownFileType = sourcecode.c.objc; name = NSString_stripHtml.m; path = ../NSString_stripHtml.m; sourceTree = "<group>"; };
		8BFF61F616D164DB00CF3714 /* CommunityViewController.h */ = {isa = PBXFileReference; fileEncoding = 4; lastKnownFileType = sourcecode.c.h; path = CommunityViewController.h; sourceTree = "<group>"; };
		8BFF61F716D164DB00CF3714 /* CommunityViewController.m */ = {isa = PBXFileReference; fileEncoding = 4; lastKnownFileType = sourcecode.c.objc; path = CommunityViewController.m; sourceTree = "<group>"; };
		8BFF61F816D164DB00CF3714 /* CommunityViewController.xib */ = {isa = PBXFileReference; fileEncoding = 4; lastKnownFileType = file.xib; path = CommunityViewController.xib; sourceTree = "<group>"; };
		8BFF61FB16D16D4500CF3714 /* refresh.png */ = {isa = PBXFileReference; lastKnownFileType = image.png; path = refresh.png; sourceTree = "<group>"; };
		E198F6371857B52600CBDDED /* CommentsViewController.h */ = {isa = PBXFileReference; fileEncoding = 4; lastKnownFileType = sourcecode.c.h; path = CommentsViewController.h; sourceTree = "<group>"; };
		E198F6381857B52600CBDDED /* CommentsViewController.m */ = {isa = PBXFileReference; fileEncoding = 4; lastKnownFileType = sourcecode.c.objc; path = CommentsViewController.m; sourceTree = "<group>"; };
		E198F6391857B52600CBDDED /* CommentsViewController.xib */ = {isa = PBXFileReference; fileEncoding = 4; lastKnownFileType = file.xib; path = CommentsViewController.xib; sourceTree = "<group>"; };
		E198F63C1857BDBA00CBDDED /* Comment.h */ = {isa = PBXFileReference; fileEncoding = 4; lastKnownFileType = sourcecode.c.h; path = Comment.h; sourceTree = "<group>"; };
		E198F63D1857BDBA00CBDDED /* Comment.m */ = {isa = PBXFileReference; fileEncoding = 4; lastKnownFileType = sourcecode.c.objc; path = Comment.m; sourceTree = "<group>"; };
		E19E2903180E5ED200ED33FE /* icon-29.png */ = {isa = PBXFileReference; lastKnownFileType = image.png; path = "icon-29.png"; sourceTree = "<group>"; };
		E19E2904180E5ED200ED33FE /* icon-40.png */ = {isa = PBXFileReference; lastKnownFileType = image.png; path = "icon-40.png"; sourceTree = "<group>"; };
		E19E2905180E5ED200ED33FE /* icon-58.png */ = {isa = PBXFileReference; lastKnownFileType = image.png; path = "icon-58.png"; sourceTree = "<group>"; };
		E19E2906180E5ED200ED33FE /* icon-76.png */ = {isa = PBXFileReference; lastKnownFileType = image.png; path = "icon-76.png"; sourceTree = "<group>"; };
		E19E2907180E5ED200ED33FE /* icon-80.png */ = {isa = PBXFileReference; lastKnownFileType = image.png; path = "icon-80.png"; sourceTree = "<group>"; };
		E19E2908180E5ED200ED33FE /* icon-120.png */ = {isa = PBXFileReference; lastKnownFileType = image.png; path = "icon-120.png"; sourceTree = "<group>"; };
		E19E2909180E5ED200ED33FE /* icon-152.png */ = {isa = PBXFileReference; lastKnownFileType = image.png; path = "icon-152.png"; sourceTree = "<group>"; };
		E1A03015185E424E00C794F0 /* Default-568h@2x.png */ = {isa = PBXFileReference; lastKnownFileType = image.png; path = "Default-568h@2x.png"; sourceTree = "<group>"; };
		E1A03016185E424E00C794F0 /* Default-Landscape.png */ = {isa = PBXFileReference; lastKnownFileType = image.png; path = "Default-Landscape.png"; sourceTree = "<group>"; };
		E1A03017185E424E00C794F0 /* Default-Landscape@2x.png */ = {isa = PBXFileReference; lastKnownFileType = image.png; path = "Default-Landscape@2x.png"; sourceTree = "<group>"; };
		E1A03018185E424E00C794F0 /* Default-Portrait.png */ = {isa = PBXFileReference; lastKnownFileType = image.png; path = "Default-Portrait.png"; sourceTree = "<group>"; };
		E1A03019185E424E00C794F0 /* Default-Portrait@2x.png */ = {isa = PBXFileReference; lastKnownFileType = image.png; path = "Default-Portrait@2x.png"; sourceTree = "<group>"; };
		E1A0301A185E424E00C794F0 /* Default@2x.png */ = {isa = PBXFileReference; lastKnownFileType = image.png; path = "Default@2x.png"; sourceTree = "<group>"; };
		E1A1247B18590EAF00C43E73 /* CommentsCell.xib */ = {isa = PBXFileReference; fileEncoding = 4; lastKnownFileType = file.xib; path = CommentsCell.xib; sourceTree = "<group>"; };
/* End PBXFileReference section */

/* Begin PBXFrameworksBuildPhase section */
		8BD1C80816B32493005F3F23 /* Frameworks */ = {
			isa = PBXFrameworksBuildPhase;
			buildActionMask = 2147483647;
			files = (
				8B9BB13916BC64F100C20358 /* SystemConfiguration.framework in Frameworks */,
				8BD1C81016B32493005F3F23 /* UIKit.framework in Frameworks */,
				8BD1C81216B32493005F3F23 /* Foundation.framework in Frameworks */,
				8BD1C81416B32493005F3F23 /* CoreGraphics.framework in Frameworks */,
				16E425AE187DD5F200695381 /* Crashlytics.framework in Frameworks */,
				0A72ADD2A3AA4449A8D2C7FC /* libPods.a in Frameworks */,
			);
			runOnlyForDeploymentPostprocessing = 0;
		};
/* End PBXFrameworksBuildPhase section */

/* Begin PBXGroup section */
		16B3E6F618691EC600ABC0CF /* Controllers */ = {
			isa = PBXGroup;
			children = (
				8B5DC4D018F1F68200732D45 /* New */,
				16B3E6F718691F1900ABC0CF /* ArticlesListViewController.h */,
				16B3E6F818691F1900ABC0CF /* ArticlesListViewController.m */,
				16B3E7121869502500ABC0CF /* ArticleViewController.h */,
				16B3E7131869502500ABC0CF /* ArticleViewController.m */,
				16B3E70A18693BD400ABC0CF /* GlassViewController.h */,
				16B3E70B18693BD400ABC0CF /* GlassViewController.m */,
				16B3E719186968EB00ABC0CF /* TestArticleViewController.h */,
				16B3E71A186968EB00ABC0CF /* TestArticleViewController.m */,
			);
			path = Controllers;
			sourceTree = "<group>";
		};
		16B3E7021869376C00ABC0CF /* Views */ = {
			isa = PBXGroup;
			children = (
				8B5DC4CA18F1F57A00732D45 /* NewArticleCell.h */,
				8B5DC4CB18F1F57A00732D45 /* NewArticleCell.m */,
				16B3E70F1869469400ABC0CF /* BTGlassScrollView.h */,
				1600A33118933C71006DFF9B /* BTGlassScrollView.m */,
				8B5DC4D918F211E700732D45 /* ContentCell.h */,
				8B5DC4DA18F211E700732D45 /* ContentCell.m */,
			);
			path = Views;
			sourceTree = "<group>";
		};
		16B3E706186937C800ABC0CF /* Categories */ = {
			isa = PBXGroup;
			children = (
				16B3E707186937DD00ABC0CF /* UIImage+ImageEffects.h */,
				16B3E708186937DD00ABC0CF /* UIImage+ImageEffects.m */,
			);
			path = Categories;
			sourceTree = "<group>";
		};
		16B3E720186A6BB700ABC0CF /* Model */ = {
			isa = PBXGroup;
			children = (
				16B3E721186A6ECE00ABC0CF /* SandBClient.h */,
				16B3E722186A6ECE00ABC0CF /* SandBClient.m */,
				8B9BB17716BEEE8F00C20358 /* Article.h */,
				8B9BB17816BEEE8F00C20358 /* Article.m */,
				16B3E724186B929200ABC0CF /* DataModel.h */,
				16B3E725186B929200ABC0CF /* DataModel.m */,
				8B8563FF18D4D75B0098B83A /* ArticleCell.h */,
				8B85640018D4D75B0098B83A /* ArticleCell.m */,
			);
			path = Model;
			sourceTree = "<group>";
		};
		3BEBCE8316C5A94700B6DD08 /* Main Views */ = {
			isa = PBXGroup;
			children = (
				8B5B20741721DBCD00E9E3AA /* NewsViewController.h */,
				8B5B20751721DBCD00E9E3AA /* NewsViewController.m */,
				8B5B20771721DBE900E9E3AA /* NewsViewController.xib */,
				8BD1C84616B32E2B005F3F23 /* SportsViewController.h */,
				8BD1C82F16B32493005F3F23 /* SportsViewController.m */,
				8BD1C83B16B32493005F3F23 /* SportsViewController.xib */,
				8BFF61F616D164DB00CF3714 /* CommunityViewController.h */,
				8BFF61F716D164DB00CF3714 /* CommunityViewController.m */,
				8BFF61F816D164DB00CF3714 /* CommunityViewController.xib */,
				3BEBCE7E16C5A79900B6DD08 /* FeaturesViewController.h */,
				3BEBCE7F16C5A79900B6DD08 /* FeaturesViewController.m */,
				3BEBCE8016C5A79900B6DD08 /* FeaturesViewController.xib */,
				3BEBCE8716C5AB7000B6DD08 /* OpinionViewController.h */,
				3BEBCE8816C5AB7000B6DD08 /* OpinionViewController.m */,
				3BEBCE8916C5AB7000B6DD08 /* OpinionViewController.xib */,
				8BC46F5E16C823A3008642F7 /* ArtsViewController.h */,
				8BC46F5F16C823A3008642F7 /* ArtsViewController.m */,
				8BC46F6016C823A3008642F7 /* ArtsViewController.xib */,
				E198F6371857B52600CBDDED /* CommentsViewController.h */,
				E198F6381857B52600CBDDED /* CommentsViewController.m */,
				E198F6391857B52600CBDDED /* CommentsViewController.xib */,
				E1A1247B18590EAF00C43E73 /* CommentsCell.xib */,
			);
			name = "Main Views";
			sourceTree = "<group>";
		};
		3BEBCE8416C5A96900B6DD08 /* App Delegate */ = {
			isa = PBXGroup;
			children = (
				8BD1C81E16B32493005F3F23 /* AppDelegate.h */,
				8BD1C81F16B32493005F3F23 /* AppDelegate.m */,
			);
			name = "App Delegate";
			sourceTree = "<group>";
		};
		3BEBCE8516C5A98400B6DD08 /* Helper Classes */ = {
			isa = PBXGroup;
			children = (
				8BFB80BA16D80F9800571249 /* NSString_stripHtml.h */,
				8BFB80BB16D80F9800571249 /* NSString_stripHtml.m */,
				E198F63C1857BDBA00CBDDED /* Comment.h */,
				E198F63D1857BDBA00CBDDED /* Comment.m */,
				8BE8DFE016B5B29D0024A477 /* NewsCell.xib */,
				3BEBCE7A16C59D0B00B6DD08 /* SuperViewController.h */,
				3BEBCE7B16C59D0B00B6DD08 /* SuperViewController.m */,
			);
			name = "Helper Classes";
			sourceTree = "<group>";
		};
		3BEBCE8616C5A9A000B6DD08 /* Images */ = {
			isa = PBXGroup;
			children = (
				8B85641418D4E6F40098B83A /* featuresColor.png */,
				8B85641518D4E6F40098B83A /* featuresColor@2x.png */,
				8B85641018D4E4AE0098B83A /* featuresIcon.png */,
				8B85641118D4E4AE0098B83A /* featuresIcon@2x.png */,
				8B4F81E816ED0E47008466CE /* Icons */,
				8B71773E16D858FA001F1F94 /* SANDB.png */,
				3BD9DEA716D17A1B0053C1C5 /* newspaper.png */,
				3BD9DEA916D17A390053C1C5 /* basketball.png */,
				3BD9DEAF16D17E260053C1C5 /* group.png */,
				3BD9DEAA16D17A390053C1C5 /* brain.png */,
				3BD9DEAB16D17A390053C1C5 /* drama.png */,
				8BFF61FB16D16D4500CF3714 /* refresh.png */,
			);
			name = Images;
			sourceTree = "<group>";
		};
		8B44468418F2369C002D1B42 /* Vendor */ = {
			isa = PBXGroup;
			children = (
				8B44468818F23725002D1B42 /* UIScrollView+APParallaxHeader.h */,
				8B44468918F23725002D1B42 /* UIScrollView+APParallaxHeader.m */,
			);
			name = Vendor;
			path = "SandB-iOS/Vendor";
			sourceTree = "<group>";
		};
		8B4F81E816ED0E47008466CE /* Icons */ = {
			isa = PBXGroup;
			children = (
				8B125BB61721005B00C550F7 /* Icon-Small.png */,
				8B125BB41720FFCC00C550F7 /* Icon-Small@2x.png */,
				8B125BB21720FF4700C550F7 /* Icon-Small-50.png */,
				8B125BAA1720FD5E00C550F7 /* Icon-72.png */,
				E19E2903180E5ED200ED33FE /* icon-29.png */,
				E19E2904180E5ED200ED33FE /* icon-40.png */,
				E19E2905180E5ED200ED33FE /* icon-58.png */,
				E19E2906180E5ED200ED33FE /* icon-76.png */,
				E19E2907180E5ED200ED33FE /* icon-80.png */,
				E19E2908180E5ED200ED33FE /* icon-120.png */,
				E19E2909180E5ED200ED33FE /* icon-152.png */,
				8B125BB01720FECD00C550F7 /* Icon@2x.png */,
				8B125BAC1720FD7900C550F7 /* SnBLogoNew144.png */,
				8B125BAE1720FE1B00C550F7 /* Icon.png */,
				8B125BB8172100BF00C550F7 /* iTunesArtwork.png */,
				8B125BBA172100FF00C550F7 /* iTunesArtwork@2x.png */,
				8B40D5031729D4060000128D /* TopBanneriPhone.png */,
				8B40D5051729D4150000128D /* TopBanneriPad.png */,
			);
			name = Icons;
			sourceTree = "<group>";
		};
		8B5DC4D018F1F68200732D45 /* New */ = {
			isa = PBXGroup;
			children = (
				8B5DC4D118F1F91A00732D45 /* NewArticleViewController.h */,
				8B5DC4D218F1F91A00732D45 /* NewArticleViewController.m */,
				8B5DC4CD18F1F67B00732D45 /* MenuViewController.h */,
				8B5DC4CE18F1F67B00732D45 /* MenuViewController.m */,
				8B5DC4C718F1F4F500732D45 /* NewArticlesListTableViewController.h */,
				8B5DC4C818F1F4F500732D45 /* NewArticlesListTableViewController.m */,
				8B5DC4D418F1FD0200732D45 /* NewArticlePageViewHolderController.h */,
				8B5DC4D518F1FD0200732D45 /* NewArticlePageViewHolderController.m */,
			);
			name = New;
			sourceTree = "<group>";
		};
		8B85640218D4D96A0098B83A /* Fonts */ = {
			isa = PBXGroup;
			children = (
				8B85640318D4D9760098B83A /* Raleway-Bold.otf */,
				8B85640418D4D9760098B83A /* Raleway-ExtraBold.otf */,
				8B85640518D4D9760098B83A /* Raleway-ExtraLight.otf */,
				8B85640618D4D9760098B83A /* Raleway-Heavy.otf */,
				8B85640718D4D9760098B83A /* Raleway-Light.otf */,
				8B85640818D4D9760098B83A /* Raleway-Medium.otf */,
				8B85640918D4D9760098B83A /* Raleway-Regular.otf */,
				8B85640A18D4D9760098B83A /* Raleway-SemiBold.otf */,
				8B85640B18D4D9760098B83A /* Raleway-Thin.otf */,
			);
			name = Fonts;
			sourceTree = "<group>";
		};
		8BD1C80016B32493005F3F23 = {
			isa = PBXGroup;
			children = (
				8B44468418F2369C002D1B42 /* Vendor */,
				8B85640218D4D96A0098B83A /* Fonts */,
				8BD1C81516B32493005F3F23 /* SandB-iOS */,
				8BD1C80E16B32493005F3F23 /* Frameworks */,
				8BD1C80C16B32493005F3F23 /* Products */,
				43B56FF85CDE42F196966E07 /* Pods.xcconfig */,
			);
			sourceTree = "<group>";
		};
		8BD1C80C16B32493005F3F23 /* Products */ = {
			isa = PBXGroup;
			children = (
				8BD1C80B16B32493005F3F23 /* S&B.app */,
			);
			name = Products;
			sourceTree = "<group>";
		};
		8BD1C80E16B32493005F3F23 /* Frameworks */ = {
			isa = PBXGroup;
			children = (
				16E425AD187DD5F200695381 /* Crashlytics.framework */,
				8B9BB13816BC64F100C20358 /* SystemConfiguration.framework */,
				8BD1C80F16B32493005F3F23 /* UIKit.framework */,
				8BD1C81116B32493005F3F23 /* Foundation.framework */,
				8BD1C81316B32493005F3F23 /* CoreGraphics.framework */,
				860B32250CAC4589B9915763 /* libPods.a */,
			);
			name = Frameworks;
			sourceTree = "<group>";
		};
		8BD1C81516B32493005F3F23 /* SandB-iOS */ = {
			isa = PBXGroup;
			children = (
				16B3E720186A6BB700ABC0CF /* Model */,
				16B3E71C186A3F3700ABC0CF /* town.jpg */,
				16B3E71E186A50B000ABC0CF /* thomas.jpg */,
				16B3E70D18693E2500ABC0CF /* thomas2.jpg */,
				16B3E7151869569700ABC0CF /* rink.jpg */,
				16B3E7161869569700ABC0CF /* game.jpg */,
				16D5F368186CEADE00668D91 /* theg.jpg */,
				16B3E706186937C800ABC0CF /* Categories */,
				16B3E7021869376C00ABC0CF /* Views */,
				16B3E6F618691EC600ABC0CF /* Controllers */,
				3BEBCE8416C5A96900B6DD08 /* App Delegate */,
				3BEBCE8516C5A98400B6DD08 /* Helper Classes */,
				3BEBCE8616C5A9A000B6DD08 /* Images */,
				3BEBCE8316C5A94700B6DD08 /* Main Views */,
				8BD1C81616B32493005F3F23 /* Supporting Files */,
				16B3E6F318691C9A00ABC0CF /* Main.storyboard */,
				8B5DC4D718F20A9400732D45 /* Images.xcassets */,
			);
			path = "SandB-iOS";
			sourceTree = "<group>";
		};
		8BD1C81616B32493005F3F23 /* Supporting Files */ = {
			isa = PBXGroup;
			children = (
				8B85640E18D4DF470098B83A /* Raleway-Regular.ttf */,
				8B85640C18D4DA9A0098B83A /* Raleway-Thin.ttf */,
				E1A03015185E424E00C794F0 /* Default-568h@2x.png */,
				E1A03016185E424E00C794F0 /* Default-Landscape.png */,
				E1A03017185E424E00C794F0 /* Default-Landscape@2x.png */,
				E1A03018185E424E00C794F0 /* Default-Portrait.png */,
				E1A03019185E424E00C794F0 /* Default-Portrait@2x.png */,
				E1A0301A185E424E00C794F0 /* Default@2x.png */,
				8BD1C81716B32493005F3F23 /* SandB-iOS-Info.plist */,
				8BD1C81816B32493005F3F23 /* InfoPlist.strings */,
				8BD1C81B16B32493005F3F23 /* main.m */,
				8BD1C81D16B32493005F3F23 /* SandB-iOS-Prefix.pch */,
			);
			name = "Supporting Files";
			sourceTree = "<group>";
		};
/* End PBXGroup section */

/* Begin PBXNativeTarget section */
		8BD1C80A16B32493005F3F23 /* S&B */ = {
			isa = PBXNativeTarget;
			buildConfigurationList = 8BD1C84316B32493005F3F23 /* Build configuration list for PBXNativeTarget "S&B" */;
			buildPhases = (
				1A0EF58DF03C4B8CBAB6CE7D /* Check Pods Manifest.lock */,
				8BD1C80716B32493005F3F23 /* Sources */,
				8BD1C80816B32493005F3F23 /* Frameworks */,
				8BD1C80916B32493005F3F23 /* Resources */,
				83CEC29E5FDD4F6EAA129B86 /* Copy Pods Resources */,
				16E425AC187DD5BB00695381 /* ShellScript */,
			);
			buildRules = (
			);
			dependencies = (
			);
			name = "S&B";
			productName = "SandB-iOS";
			productReference = 8BD1C80B16B32493005F3F23 /* S&B.app */;
			productType = "com.apple.product-type.application";
		};
/* End PBXNativeTarget section */

/* Begin PBXProject section */
		8BD1C80216B32493005F3F23 /* Project object */ = {
			isa = PBXProject;
			attributes = {
				CLASSPREFIX = "";
				LastUpgradeCheck = 0450;
				ORGANIZATIONNAME = "Grinnell AppDev";
				TargetAttributes = {
					8BD1C80A16B32493005F3F23 = {
						DevelopmentTeam = H69TS4DPUJ;
					};
				};
			};
			buildConfigurationList = 8BD1C80516B32493005F3F23 /* Build configuration list for PBXProject "SandB-iOS" */;
			compatibilityVersion = "Xcode 3.2";
			developmentRegion = English;
			hasScannedForEncodings = 0;
			knownRegions = (
				en,
			);
			mainGroup = 8BD1C80016B32493005F3F23;
			productRefGroup = 8BD1C80C16B32493005F3F23 /* Products */;
			projectDirPath = "";
			projectRoot = "";
			targets = (
				8BD1C80A16B32493005F3F23 /* S&B */,
			);
		};
/* End PBXProject section */

/* Begin PBXResourcesBuildPhase section */
		8BD1C80916B32493005F3F23 /* Resources */ = {
			isa = PBXResourcesBuildPhase;
			buildActionMask = 2147483647;
			files = (
				8B85640F18D4E0970098B83A /* Raleway-Regular.ttf in Resources */,
				8B85640D18D4DE1A0098B83A /* Raleway-Thin.ttf in Resources */,
				8BD1C81A16B32493005F3F23 /* InfoPlist.strings in Resources */,
				8BD1C83D16B32493005F3F23 /* SportsViewController.xib in Resources */,
				8B85641618D4E6F40098B83A /* featuresColor.png in Resources */,
				8BE8DFE116B5B29D0024A477 /* NewsCell.xib in Resources */,
				E1A0301B185E424E00C794F0 /* Default-568h@2x.png in Resources */,
				E19E290C180E5ED200ED33FE /* icon-58.png in Resources */,
				3BEBCE8216C5A79900B6DD08 /* FeaturesViewController.xib in Resources */,
				3BEBCE8B16C5AB7000B6DD08 /* OpinionViewController.xib in Resources */,
				E198F63B1857B52600CBDDED /* CommentsViewController.xib in Resources */,
				E19E290F180E5ED200ED33FE /* icon-120.png in Resources */,
				8BC46F6216C823A3008642F7 /* ArtsViewController.xib in Resources */,
				8BFF61FA16D164DB00CF3714 /* CommunityViewController.xib in Resources */,
				E1A03020185E424E00C794F0 /* Default@2x.png in Resources */,
				16B3E6F418691C9A00ABC0CF /* Main.storyboard in Resources */,
				8BFF61FC16D16D4500CF3714 /* refresh.png in Resources */,
				3BD9DEA816D17A1B0053C1C5 /* newspaper.png in Resources */,
				3BD9DEAC16D17A390053C1C5 /* basketball.png in Resources */,
				E19E290B180E5ED200ED33FE /* icon-40.png in Resources */,
				16B3E71D186A3F3700ABC0CF /* town.jpg in Resources */,
				8B85641318D4E4AE0098B83A /* featuresIcon@2x.png in Resources */,
				E1A0301F185E424E00C794F0 /* Default-Portrait@2x.png in Resources */,
				E19E290A180E5ED200ED33FE /* icon-29.png in Resources */,
				16B3E7171869569700ABC0CF /* rink.jpg in Resources */,
				16B3E70E18693E2500ABC0CF /* thomas2.jpg in Resources */,
				8B5DC4D818F20A9400732D45 /* Images.xcassets in Resources */,
				E19E290E180E5ED200ED33FE /* icon-80.png in Resources */,
				E19E290D180E5ED200ED33FE /* icon-76.png in Resources */,
				3BD9DEAD16D17A390053C1C5 /* brain.png in Resources */,
				3BD9DEAE16D17A390053C1C5 /* drama.png in Resources */,
				3BD9DEB016D17E260053C1C5 /* group.png in Resources */,
				8B71773F16D858FA001F1F94 /* SANDB.png in Resources */,
				8B125BAB1720FD5E00C550F7 /* Icon-72.png in Resources */,
				8B85641218D4E4AE0098B83A /* featuresIcon.png in Resources */,
				E1A1247C18590EAF00C43E73 /* CommentsCell.xib in Resources */,
				8B125BAD1720FD7900C550F7 /* SnBLogoNew144.png in Resources */,
				8B125BAF1720FE1B00C550F7 /* Icon.png in Resources */,
				16D5F369186CEADE00668D91 /* theg.jpg in Resources */,
				16B3E71F186A50B000ABC0CF /* thomas.jpg in Resources */,
				16B3E7181869569700ABC0CF /* game.jpg in Resources */,
				8B125BB11720FECD00C550F7 /* Icon@2x.png in Resources */,
				E19E2910180E5ED200ED33FE /* icon-152.png in Resources */,
				8B125BB31720FF4700C550F7 /* Icon-Small-50.png in Resources */,
				8B125BB51720FFCD00C550F7 /* Icon-Small@2x.png in Resources */,
				8B125BB71721005B00C550F7 /* Icon-Small.png in Resources */,
				8B125BB9172100C000C550F7 /* iTunesArtwork.png in Resources */,
				8B125BBB172100FF00C550F7 /* iTunesArtwork@2x.png in Resources */,
				E1A0301D185E424E00C794F0 /* Default-Landscape@2x.png in Resources */,
				8B5B20791721DBE900E9E3AA /* NewsViewController.xib in Resources */,
				8B85641718D4E6F40098B83A /* featuresColor@2x.png in Resources */,
				8B40D5041729D4060000128D /* TopBanneriPhone.png in Resources */,
				8B40D5061729D4150000128D /* TopBanneriPad.png in Resources */,
				E1A0301E185E424E00C794F0 /* Default-Portrait.png in Resources */,
				E1A0301C185E424E00C794F0 /* Default-Landscape.png in Resources */,
			);
			runOnlyForDeploymentPostprocessing = 0;
		};
/* End PBXResourcesBuildPhase section */

/* Begin PBXShellScriptBuildPhase section */
		16E425AC187DD5BB00695381 /* ShellScript */ = {
			isa = PBXShellScriptBuildPhase;
			buildActionMask = 2147483647;
			files = (
			);
			inputPaths = (
			);
			outputPaths = (
			);
			runOnlyForDeploymentPostprocessing = 0;
			shellPath = /bin/sh;
			shellScript = "./Crashlytics.framework/run 45894d9e8a6bc3b8513651d6de36159e2c836e51";
		};
		1A0EF58DF03C4B8CBAB6CE7D /* Check Pods Manifest.lock */ = {
			isa = PBXShellScriptBuildPhase;
			buildActionMask = 2147483647;
			files = (
			);
			inputPaths = (
			);
			name = "Check Pods Manifest.lock";
			outputPaths = (
			);
			runOnlyForDeploymentPostprocessing = 0;
			shellPath = /bin/sh;
			shellScript = "diff \"${PODS_ROOT}/../Podfile.lock\" \"${PODS_ROOT}/Manifest.lock\" > /dev/null\nif [[ $? != 0 ]] ; then\n    cat << EOM\nerror: The sandbox is not in sync with the Podfile.lock. Run 'pod install' or update your CocoaPods installation.\nEOM\n    exit 1\nfi\n";
			showEnvVarsInLog = 0;
		};
		83CEC29E5FDD4F6EAA129B86 /* Copy Pods Resources */ = {
			isa = PBXShellScriptBuildPhase;
			buildActionMask = 2147483647;
			files = (
			);
			inputPaths = (
			);
			name = "Copy Pods Resources";
			outputPaths = (
			);
			runOnlyForDeploymentPostprocessing = 0;
			shellPath = /bin/sh;
			shellScript = "\"${SRCROOT}/Pods/Pods-resources.sh\"\n";
			showEnvVarsInLog = 0;
		};
/* End PBXShellScriptBuildPhase section */

/* Begin PBXSourcesBuildPhase section */
		8BD1C80716B32493005F3F23 /* Sources */ = {
			isa = PBXSourcesBuildPhase;
			buildActionMask = 2147483647;
			files = (
				8BD1C81C16B32493005F3F23 /* main.m in Sources */,
				8B5DC4C918F1F4F500732D45 /* NewArticlesListTableViewController.m in Sources */,
				8BD1C82016B32493005F3F23 /* AppDelegate.m in Sources */,
				8B85640118D4D75B0098B83A /* ArticleCell.m in Sources */,
				16B3E6F918691F1900ABC0CF /* ArticlesListViewController.m in Sources */,
				8BD1C83016B32493005F3F23 /* SportsViewController.m in Sources */,
				16B3E7141869502500ABC0CF /* ArticleViewController.m in Sources */,
				E198F63A1857B52600CBDDED /* CommentsViewController.m in Sources */,
				8B9BB17916BEEE8F00C20358 /* Article.m in Sources */,
				8B5DC4CF18F1F67B00732D45 /* MenuViewController.m in Sources */,
				8B5DC4CC18F1F57A00732D45 /* NewArticleCell.m in Sources */,
				3BEBCE7C16C59D0B00B6DD08 /* SuperViewController.m in Sources */,
				E198F63E1857BDBA00CBDDED /* Comment.m in Sources */,
				3BEBCE8116C5A79900B6DD08 /* FeaturesViewController.m in Sources */,
				16B3E726186B929200ABC0CF /* DataModel.m in Sources */,
				8B5DC4DB18F211E700732D45 /* ContentCell.m in Sources */,
				16B3E723186A6ECE00ABC0CF /* SandBClient.m in Sources */,
				16B3E71B186968EB00ABC0CF /* TestArticleViewController.m in Sources */,
				3BEBCE8A16C5AB7000B6DD08 /* OpinionViewController.m in Sources */,
				8B5DC4D318F1F91A00732D45 /* NewArticleViewController.m in Sources */,
				8BC46F6116C823A3008642F7 /* ArtsViewController.m in Sources */,
				16B3E70C18693BD400ABC0CF /* GlassViewController.m in Sources */,
				8BFF61F916D164DB00CF3714 /* CommunityViewController.m in Sources */,
				1600A33218933C71006DFF9B /* BTGlassScrollView.m in Sources */,
				8B44468A18F23725002D1B42 /* UIScrollView+APParallaxHeader.m in Sources */,
				8BFB80BC16D80F9800571249 /* NSString_stripHtml.m in Sources */,
				8B5DC4D618F1FD0200732D45 /* NewArticlePageViewHolderController.m in Sources */,
				8B5B20761721DBCD00E9E3AA /* NewsViewController.m in Sources */,
				16B3E709186937DD00ABC0CF /* UIImage+ImageEffects.m in Sources */,
			);
			runOnlyForDeploymentPostprocessing = 0;
		};
/* End PBXSourcesBuildPhase section */

/* Begin PBXVariantGroup section */
		8B5B20771721DBE900E9E3AA /* NewsViewController.xib */ = {
			isa = PBXVariantGroup;
			children = (
				8B5B20781721DBE900E9E3AA /* en */,
			);
			name = NewsViewController.xib;
			sourceTree = "<group>";
		};
		8BD1C81816B32493005F3F23 /* InfoPlist.strings */ = {
			isa = PBXVariantGroup;
			children = (
				8BD1C81916B32493005F3F23 /* en */,
			);
			name = InfoPlist.strings;
			sourceTree = "<group>";
		};
		8BD1C83B16B32493005F3F23 /* SportsViewController.xib */ = {
			isa = PBXVariantGroup;
			children = (
				8BD1C83C16B32493005F3F23 /* en */,
			);
			name = SportsViewController.xib;
			sourceTree = "<group>";
		};
/* End PBXVariantGroup section */

/* Begin XCBuildConfiguration section */
		8BD1C84116B32493005F3F23 /* Debug */ = {
			isa = XCBuildConfiguration;
			buildSettings = {
				ALWAYS_SEARCH_USER_PATHS = NO;
				CLANG_CXX_LANGUAGE_STANDARD = "gnu++0x";
				CLANG_CXX_LIBRARY = "libc++";
				CLANG_ENABLE_OBJC_ARC = YES;
				CLANG_WARN_EMPTY_BODY = YES;
				CLANG_WARN__DUPLICATE_METHOD_MATCH = YES;
				CODE_SIGN_IDENTITY = "iPhone Distribution: Lea Marolt (H69TS4DPUJ)";
				"CODE_SIGN_IDENTITY[sdk=iphoneos*]" = "iPhone Distribution: Lea Marolt (H69TS4DPUJ)";
				COPY_PHASE_STRIP = NO;
				GCC_C_LANGUAGE_STANDARD = gnu99;
				GCC_DYNAMIC_NO_PIC = NO;
				GCC_OPTIMIZATION_LEVEL = 0;
				GCC_PREPROCESSOR_DEFINITIONS = (
					"DEBUG=1",
					"$(inherited)",
				);
				GCC_SYMBOLS_PRIVATE_EXTERN = NO;
				GCC_WARN_ABOUT_RETURN_TYPE = YES;
				GCC_WARN_UNINITIALIZED_AUTOS = YES;
				GCC_WARN_UNUSED_VARIABLE = YES;
				IPHONEOS_DEPLOYMENT_TARGET = 7.0;
				ONLY_ACTIVE_ARCH = YES;
				PROVISIONING_PROFILE = "D1ADD1FE-5CBD-40EF-BD4A-18E79985C41A";
				"PROVISIONING_PROFILE[sdk=iphoneos*]" = "D1ADD1FE-5CBD-40EF-BD4A-18E79985C41A";
				SDKROOT = iphoneos;
				TARGETED_DEVICE_FAMILY = "1,2";
			};
			name = Debug;
		};
		8BD1C84216B32493005F3F23 /* Release */ = {
			isa = XCBuildConfiguration;
			buildSettings = {
				ALWAYS_SEARCH_USER_PATHS = NO;
				CLANG_CXX_LANGUAGE_STANDARD = "gnu++0x";
				CLANG_CXX_LIBRARY = "libc++";
				CLANG_ENABLE_OBJC_ARC = YES;
				CLANG_WARN_EMPTY_BODY = YES;
				CLANG_WARN__DUPLICATE_METHOD_MATCH = YES;
				CODE_SIGN_IDENTITY = "iPhone Distribution: Lea Marolt (H69TS4DPUJ)";
				"CODE_SIGN_IDENTITY[sdk=iphoneos*]" = "iPhone Distribution: Lea Marolt (H69TS4DPUJ)";
				COPY_PHASE_STRIP = YES;
				GCC_C_LANGUAGE_STANDARD = gnu99;
				GCC_WARN_ABOUT_RETURN_TYPE = YES;
				GCC_WARN_UNINITIALIZED_AUTOS = YES;
				GCC_WARN_UNUSED_VARIABLE = YES;
				IPHONEOS_DEPLOYMENT_TARGET = 7.0;
				OTHER_CFLAGS = "-DNS_BLOCK_ASSERTIONS=1";
				PROVISIONING_PROFILE = "D1ADD1FE-5CBD-40EF-BD4A-18E79985C41A";
				"PROVISIONING_PROFILE[sdk=iphoneos*]" = "D1ADD1FE-5CBD-40EF-BD4A-18E79985C41A";
				SDKROOT = iphoneos;
				TARGETED_DEVICE_FAMILY = "1,2";
				VALIDATE_PRODUCT = YES;
			};
			name = Release;
		};
		8BD1C84416B32493005F3F23 /* Debug */ = {
			isa = XCBuildConfiguration;
			baseConfigurationReference = 43B56FF85CDE42F196966E07 /* Pods.xcconfig */;
			buildSettings = {
				CLANG_ENABLE_MODULES = YES;
				CODE_SIGN_IDENTITY = "iPhone Developer";
				"CODE_SIGN_IDENTITY[sdk=iphoneos*]" = "iPhone Developer";
				FRAMEWORK_SEARCH_PATHS = (
					"$(inherited)",
					"$(SRCROOT)",
				);
				GCC_PRECOMPILE_PREFIX_HEADER = YES;
				GCC_PREFIX_HEADER = "SandB-iOS/SandB-iOS-Prefix.pch";
				INFOPLIST_FILE = "SandB-iOS/SandB-iOS-Info.plist";
				IPHONEOS_DEPLOYMENT_TARGET = 7.0;
				PRODUCT_NAME = "$(TARGET_NAME)";
				PROVISIONING_PROFILE = "F82B6C50-115F-4948-9B79-5D2FCF3C9CF7";
				WRAPPER_EXTENSION = app;
			};
			name = Debug;
		};
		8BD1C84516B32493005F3F23 /* Release */ = {
			isa = XCBuildConfiguration;
			baseConfigurationReference = 43B56FF85CDE42F196966E07 /* Pods.xcconfig */;
			buildSettings = {
				CLANG_ENABLE_MODULES = YES;
				CODE_SIGN_IDENTITY = "iPhone Developer";
				"CODE_SIGN_IDENTITY[sdk=iphoneos*]" = "iPhone Developer";
				FRAMEWORK_SEARCH_PATHS = (
					"$(inherited)",
					"$(SRCROOT)",
				);
				GCC_PRECOMPILE_PREFIX_HEADER = YES;
				GCC_PREFIX_HEADER = "SandB-iOS/SandB-iOS-Prefix.pch";
				INFOPLIST_FILE = "SandB-iOS/SandB-iOS-Info.plist";
				IPHONEOS_DEPLOYMENT_TARGET = 7.0;
				PRODUCT_NAME = "$(TARGET_NAME)";
				PROVISIONING_PROFILE = "F82B6C50-115F-4948-9B79-5D2FCF3C9CF7";
				"PROVISIONING_PROFILE[sdk=iphoneos*]" = "F82B6C50-115F-4948-9B79-5D2FCF3C9CF7";
				WRAPPER_EXTENSION = app;
			};
			name = Release;
		};
/* End XCBuildConfiguration section */

/* Begin XCConfigurationList section */
		8BD1C80516B32493005F3F23 /* Build configuration list for PBXProject "SandB-iOS" */ = {
			isa = XCConfigurationList;
			buildConfigurations = (
				8BD1C84116B32493005F3F23 /* Debug */,
				8BD1C84216B32493005F3F23 /* Release */,
			);
			defaultConfigurationIsVisible = 0;
			defaultConfigurationName = Release;
		};
		8BD1C84316B32493005F3F23 /* Build configuration list for PBXNativeTarget "S&B" */ = {
			isa = XCConfigurationList;
			buildConfigurations = (
				8BD1C84416B32493005F3F23 /* Debug */,
				8BD1C84516B32493005F3F23 /* Release */,
			);
			defaultConfigurationIsVisible = 0;
			defaultConfigurationName = Release;
		};
/* End XCConfigurationList section */
	};
	rootObject = 8BD1C80216B32493005F3F23 /* Project object */;
}
