// !$*UTF8*$!
{
	archiveVersion = 1;
	classes = {
	};
	objectVersion = 46;
	objects = {

/* Begin PBXBuildFile section */
		0A72ADD2A3AA4449A8D2C7FC /* libPods.a in Frameworks */ = {isa = PBXBuildFile; fileRef = 860B32250CAC4589B9915763 /* libPods.a */; };
		3BD9DEA816D17A1B0053C1C5 /* newspaper.png in Resources */ = {isa = PBXBuildFile; fileRef = 3BD9DEA716D17A1B0053C1C5 /* newspaper.png */; };
		3BD9DEAC16D17A390053C1C5 /* basketball.png in Resources */ = {isa = PBXBuildFile; fileRef = 3BD9DEA916D17A390053C1C5 /* basketball.png */; };
		3BD9DEAD16D17A390053C1C5 /* brain.png in Resources */ = {isa = PBXBuildFile; fileRef = 3BD9DEAA16D17A390053C1C5 /* brain.png */; };
		3BD9DEAE16D17A390053C1C5 /* drama.png in Resources */ = {isa = PBXBuildFile; fileRef = 3BD9DEAB16D17A390053C1C5 /* drama.png */; };
		3BD9DEB016D17E260053C1C5 /* group.png in Resources */ = {isa = PBXBuildFile; fileRef = 3BD9DEAF16D17E260053C1C5 /* group.png */; };
		3BEBCE7C16C59D0B00B6DD08 /* SuperViewController.m in Sources */ = {isa = PBXBuildFile; fileRef = 3BEBCE7B16C59D0B00B6DD08 /* SuperViewController.m */; };
		3BEBCE8116C5A79900B6DD08 /* FeaturesViewController.m in Sources */ = {isa = PBXBuildFile; fileRef = 3BEBCE7F16C5A79900B6DD08 /* FeaturesViewController.m */; };
		3BEBCE8216C5A79900B6DD08 /* FeaturesViewController.xib in Resources */ = {isa = PBXBuildFile; fileRef = 3BEBCE8016C5A79900B6DD08 /* FeaturesViewController.xib */; };
		3BEBCE8A16C5AB7000B6DD08 /* OpinionViewController.m in Sources */ = {isa = PBXBuildFile; fileRef = 3BEBCE8816C5AB7000B6DD08 /* OpinionViewController.m */; };
		3BEBCE8B16C5AB7000B6DD08 /* OpinionViewController.xib in Resources */ = {isa = PBXBuildFile; fileRef = 3BEBCE8916C5AB7000B6DD08 /* OpinionViewController.xib */; };
		8B125BAB1720FD5E00C550F7 /* Icon-72.png in Resources */ = {isa = PBXBuildFile; fileRef = 8B125BAA1720FD5E00C550F7 /* Icon-72.png */; };
		8B125BAD1720FD7900C550F7 /* SnBLogoNew144.png in Resources */ = {isa = PBXBuildFile; fileRef = 8B125BAC1720FD7900C550F7 /* SnBLogoNew144.png */; };
		8B125BAF1720FE1B00C550F7 /* Icon.png in Resources */ = {isa = PBXBuildFile; fileRef = 8B125BAE1720FE1B00C550F7 /* Icon.png */; };
		8B125BB11720FECD00C550F7 /* Icon@2x.png in Resources */ = {isa = PBXBuildFile; fileRef = 8B125BB01720FECD00C550F7 /* Icon@2x.png */; };
		8B125BB31720FF4700C550F7 /* Icon-Small-50.png in Resources */ = {isa = PBXBuildFile; fileRef = 8B125BB21720FF4700C550F7 /* Icon-Small-50.png */; };
		8B125BB51720FFCD00C550F7 /* Icon-Small@2x.png in Resources */ = {isa = PBXBuildFile; fileRef = 8B125BB41720FFCC00C550F7 /* Icon-Small@2x.png */; };
		8B125BB71721005B00C550F7 /* Icon-Small.png in Resources */ = {isa = PBXBuildFile; fileRef = 8B125BB61721005B00C550F7 /* Icon-Small.png */; };
		8B125BB9172100C000C550F7 /* iTunesArtwork.png in Resources */ = {isa = PBXBuildFile; fileRef = 8B125BB8172100BF00C550F7 /* iTunesArtwork.png */; };
		8B125BBB172100FF00C550F7 /* iTunesArtwork@2x.png in Resources */ = {isa = PBXBuildFile; fileRef = 8B125BBA172100FF00C550F7 /* iTunesArtwork@2x.png */; };
		8B40D5041729D4060000128D /* TopBanneriPhone.png in Resources */ = {isa = PBXBuildFile; fileRef = 8B40D5031729D4060000128D /* TopBanneriPhone.png */; };
		8B40D5061729D4150000128D /* TopBanneriPad.png in Resources */ = {isa = PBXBuildFile; fileRef = 8B40D5051729D4150000128D /* TopBanneriPad.png */; };
		8B5B20761721DBCD00E9E3AA /* NewsViewController.m in Sources */ = {isa = PBXBuildFile; fileRef = 8B5B20751721DBCD00E9E3AA /* NewsViewController.m */; };
		8B5B20791721DBE900E9E3AA /* NewsViewController.xib in Resources */ = {isa = PBXBuildFile; fileRef = 8B5B20771721DBE900E9E3AA /* NewsViewController.xib */; };
		8B71773F16D858FA001F1F94 /* SANDB.png in Resources */ = {isa = PBXBuildFile; fileRef = 8B71773E16D858FA001F1F94 /* SANDB.png */; };
		8B9BB13916BC64F100C20358 /* SystemConfiguration.framework in Frameworks */ = {isa = PBXBuildFile; fileRef = 8B9BB13816BC64F100C20358 /* SystemConfiguration.framework */; };
		8B9BB17916BEEE8F00C20358 /* Article.m in Sources */ = {isa = PBXBuildFile; fileRef = 8B9BB17816BEEE8F00C20358 /* Article.m */; };
		8BC46F6116C823A3008642F7 /* ArtsViewController.m in Sources */ = {isa = PBXBuildFile; fileRef = 8BC46F5F16C823A3008642F7 /* ArtsViewController.m */; };
		8BC46F6216C823A3008642F7 /* ArtsViewController.xib in Resources */ = {isa = PBXBuildFile; fileRef = 8BC46F6016C823A3008642F7 /* ArtsViewController.xib */; };
		8BD1C81016B32493005F3F23 /* UIKit.framework in Frameworks */ = {isa = PBXBuildFile; fileRef = 8BD1C80F16B32493005F3F23 /* UIKit.framework */; };
		8BD1C81216B32493005F3F23 /* Foundation.framework in Frameworks */ = {isa = PBXBuildFile; fileRef = 8BD1C81116B32493005F3F23 /* Foundation.framework */; };
		8BD1C81416B32493005F3F23 /* CoreGraphics.framework in Frameworks */ = {isa = PBXBuildFile; fileRef = 8BD1C81316B32493005F3F23 /* CoreGraphics.framework */; };
		8BD1C81A16B32493005F3F23 /* InfoPlist.strings in Resources */ = {isa = PBXBuildFile; fileRef = 8BD1C81816B32493005F3F23 /* InfoPlist.strings */; };
		8BD1C81C16B32493005F3F23 /* main.m in Sources */ = {isa = PBXBuildFile; fileRef = 8BD1C81B16B32493005F3F23 /* main.m */; };
		8BD1C82016B32493005F3F23 /* AppDelegate.m in Sources */ = {isa = PBXBuildFile; fileRef = 8BD1C81F16B32493005F3F23 /* AppDelegate.m */; };
		8BD1C83016B32493005F3F23 /* SportsViewController.m in Sources */ = {isa = PBXBuildFile; fileRef = 8BD1C82F16B32493005F3F23 /* SportsViewController.m */; };
		8BD1C83D16B32493005F3F23 /* SportsViewController.xib in Resources */ = {isa = PBXBuildFile; fileRef = 8BD1C83B16B32493005F3F23 /* SportsViewController.xib */; };
		8BE8DFE116B5B29D0024A477 /* NewsCell.xib in Resources */ = {isa = PBXBuildFile; fileRef = 8BE8DFE016B5B29D0024A477 /* NewsCell.xib */; };
		8BE8DFE616B5BBC10024A477 /* ArticleViewController.m in Sources */ = {isa = PBXBuildFile; fileRef = 8BE8DFE416B5BBC10024A477 /* ArticleViewController.m */; };
		8BE8DFE716B5BBC10024A477 /* ArticleViewController.xib in Resources */ = {isa = PBXBuildFile; fileRef = 8BE8DFE516B5BBC10024A477 /* ArticleViewController.xib */; };
		8BFB80BC16D80F9800571249 /* NSString_stripHtml.m in Sources */ = {isa = PBXBuildFile; fileRef = 8BFB80BB16D80F9800571249 /* NSString_stripHtml.m */; };
		8BFF61F916D164DB00CF3714 /* CommunityViewController.m in Sources */ = {isa = PBXBuildFile; fileRef = 8BFF61F716D164DB00CF3714 /* CommunityViewController.m */; };
		8BFF61FA16D164DB00CF3714 /* CommunityViewController.xib in Resources */ = {isa = PBXBuildFile; fileRef = 8BFF61F816D164DB00CF3714 /* CommunityViewController.xib */; };
		8BFF61FC16D16D4500CF3714 /* refresh.png in Resources */ = {isa = PBXBuildFile; fileRef = 8BFF61FB16D16D4500CF3714 /* refresh.png */; };
		E19E28F9180E5C7B00ED33FE /* Default@2x.png in Resources */ = {isa = PBXBuildFile; fileRef = E19E28F7180E5C7B00ED33FE /* Default@2x.png */; };
		E19E28FA180E5C7B00ED33FE /* Default-568h@2x.png in Resources */ = {isa = PBXBuildFile; fileRef = E19E28F8180E5C7B00ED33FE /* Default-568h@2x.png */; };
		E19E28FF180E5D3200ED33FE /* Default-Landscape.png in Resources */ = {isa = PBXBuildFile; fileRef = E19E28FB180E5D3200ED33FE /* Default-Landscape.png */; };
		E19E2900180E5D3200ED33FE /* Default-Portrait.png in Resources */ = {isa = PBXBuildFile; fileRef = E19E28FC180E5D3200ED33FE /* Default-Portrait.png */; };
		E19E2901180E5D3200ED33FE /* Default-Landscape@2x.png in Resources */ = {isa = PBXBuildFile; fileRef = E19E28FD180E5D3200ED33FE /* Default-Landscape@2x.png */; };
		E19E2902180E5D3200ED33FE /* Default-Portrait@2x.png in Resources */ = {isa = PBXBuildFile; fileRef = E19E28FE180E5D3200ED33FE /* Default-Portrait@2x.png */; };
		E19E290A180E5ED200ED33FE /* icon-29.png in Resources */ = {isa = PBXBuildFile; fileRef = E19E2903180E5ED200ED33FE /* icon-29.png */; };
		E19E290B180E5ED200ED33FE /* icon-40.png in Resources */ = {isa = PBXBuildFile; fileRef = E19E2904180E5ED200ED33FE /* icon-40.png */; };
		E19E290C180E5ED200ED33FE /* icon-58.png in Resources */ = {isa = PBXBuildFile; fileRef = E19E2905180E5ED200ED33FE /* icon-58.png */; };
		E19E290D180E5ED200ED33FE /* icon-76.png in Resources */ = {isa = PBXBuildFile; fileRef = E19E2906180E5ED200ED33FE /* icon-76.png */; };
		E19E290E180E5ED200ED33FE /* icon-80.png in Resources */ = {isa = PBXBuildFile; fileRef = E19E2907180E5ED200ED33FE /* icon-80.png */; };
		E19E290F180E5ED200ED33FE /* icon-120.png in Resources */ = {isa = PBXBuildFile; fileRef = E19E2908180E5ED200ED33FE /* icon-120.png */; };
		E19E2910180E5ED200ED33FE /* icon-152.png in Resources */ = {isa = PBXBuildFile; fileRef = E19E2909180E5ED200ED33FE /* icon-152.png */; };
/* End PBXBuildFile section */

/* Begin PBXFileReference section */
		3BD9DEA716D17A1B0053C1C5 /* newspaper.png */ = {isa = PBXFileReference; lastKnownFileType = image.png; path = newspaper.png; sourceTree = "<group>"; };
		3BD9DEA916D17A390053C1C5 /* basketball.png */ = {isa = PBXFileReference; lastKnownFileType = image.png; path = basketball.png; sourceTree = "<group>"; };
		3BD9DEAA16D17A390053C1C5 /* brain.png */ = {isa = PBXFileReference; lastKnownFileType = image.png; path = brain.png; sourceTree = "<group>"; };
		3BD9DEAB16D17A390053C1C5 /* drama.png */ = {isa = PBXFileReference; lastKnownFileType = image.png; path = drama.png; sourceTree = "<group>"; };
		3BD9DEAF16D17E260053C1C5 /* group.png */ = {isa = PBXFileReference; lastKnownFileType = image.png; path = group.png; sourceTree = "<group>"; };
		3BEBCE7A16C59D0B00B6DD08 /* SuperViewController.h */ = {isa = PBXFileReference; fileEncoding = 4; lastKnownFileType = sourcecode.c.h; path = SuperViewController.h; sourceTree = "<group>"; };
		3BEBCE7B16C59D0B00B6DD08 /* SuperViewController.m */ = {isa = PBXFileReference; fileEncoding = 4; lastKnownFileType = sourcecode.c.objc; path = SuperViewController.m; sourceTree = "<group>"; };
		3BEBCE7E16C5A79900B6DD08 /* FeaturesViewController.h */ = {isa = PBXFileReference; fileEncoding = 4; lastKnownFileType = sourcecode.c.h; path = FeaturesViewController.h; sourceTree = "<group>"; };
		3BEBCE7F16C5A79900B6DD08 /* FeaturesViewController.m */ = {isa = PBXFileReference; fileEncoding = 4; lastKnownFileType = sourcecode.c.objc; path = FeaturesViewController.m; sourceTree = "<group>"; };
		3BEBCE8016C5A79900B6DD08 /* FeaturesViewController.xib */ = {isa = PBXFileReference; fileEncoding = 4; lastKnownFileType = file.xib; path = FeaturesViewController.xib; sourceTree = "<group>"; };
		3BEBCE8716C5AB7000B6DD08 /* OpinionViewController.h */ = {isa = PBXFileReference; fileEncoding = 4; lastKnownFileType = sourcecode.c.h; path = OpinionViewController.h; sourceTree = "<group>"; };
		3BEBCE8816C5AB7000B6DD08 /* OpinionViewController.m */ = {isa = PBXFileReference; fileEncoding = 4; lastKnownFileType = sourcecode.c.objc; path = OpinionViewController.m; sourceTree = "<group>"; };
		3BEBCE8916C5AB7000B6DD08 /* OpinionViewController.xib */ = {isa = PBXFileReference; fileEncoding = 4; lastKnownFileType = file.xib; path = OpinionViewController.xib; sourceTree = "<group>"; };
		43B56FF85CDE42F196966E07 /* Pods.xcconfig */ = {isa = PBXFileReference; includeInIndex = 1; lastKnownFileType = text.xcconfig; name = Pods.xcconfig; path = Pods/Pods.xcconfig; sourceTree = "<group>"; };
		860B32250CAC4589B9915763 /* libPods.a */ = {isa = PBXFileReference; explicitFileType = archive.ar; includeInIndex = 0; path = libPods.a; sourceTree = BUILT_PRODUCTS_DIR; };
		8B125BAA1720FD5E00C550F7 /* Icon-72.png */ = {isa = PBXFileReference; lastKnownFileType = image.png; path = "Icon-72.png"; sourceTree = "<group>"; };
		8B125BAC1720FD7900C550F7 /* SnBLogoNew144.png */ = {isa = PBXFileReference; lastKnownFileType = image.png; path = SnBLogoNew144.png; sourceTree = "<group>"; };
		8B125BAE1720FE1B00C550F7 /* Icon.png */ = {isa = PBXFileReference; lastKnownFileType = image.png; path = Icon.png; sourceTree = "<group>"; };
		8B125BB01720FECD00C550F7 /* Icon@2x.png */ = {isa = PBXFileReference; lastKnownFileType = image.png; path = "Icon@2x.png"; sourceTree = "<group>"; };
		8B125BB21720FF4700C550F7 /* Icon-Small-50.png */ = {isa = PBXFileReference; lastKnownFileType = image.png; path = "Icon-Small-50.png"; sourceTree = "<group>"; };
		8B125BB41720FFCC00C550F7 /* Icon-Small@2x.png */ = {isa = PBXFileReference; lastKnownFileType = image.png; path = "Icon-Small@2x.png"; sourceTree = "<group>"; };
		8B125BB61721005B00C550F7 /* Icon-Small.png */ = {isa = PBXFileReference; lastKnownFileType = image.png; path = "Icon-Small.png"; sourceTree = "<group>"; };
		8B125BB8172100BF00C550F7 /* iTunesArtwork.png */ = {isa = PBXFileReference; lastKnownFileType = image.png; path = iTunesArtwork.png; sourceTree = "<group>"; };
		8B125BBA172100FF00C550F7 /* iTunesArtwork@2x.png */ = {isa = PBXFileReference; lastKnownFileType = image.png; path = "iTunesArtwork@2x.png"; sourceTree = "<group>"; };
		8B40D5031729D4060000128D /* TopBanneriPhone.png */ = {isa = PBXFileReference; lastKnownFileType = image.png; path = TopBanneriPhone.png; sourceTree = "<group>"; };
		8B40D5051729D4150000128D /* TopBanneriPad.png */ = {isa = PBXFileReference; lastKnownFileType = image.png; path = TopBanneriPad.png; sourceTree = "<group>"; };
		8B5B20741721DBCD00E9E3AA /* NewsViewController.h */ = {isa = PBXFileReference; fileEncoding = 4; lastKnownFileType = sourcecode.c.h; path = NewsViewController.h; sourceTree = "<group>"; };
		8B5B20751721DBCD00E9E3AA /* NewsViewController.m */ = {isa = PBXFileReference; fileEncoding = 4; lastKnownFileType = sourcecode.c.objc; path = NewsViewController.m; sourceTree = "<group>"; };
		8B5B20781721DBE900E9E3AA /* en */ = {isa = PBXFileReference; lastKnownFileType = file.xib; name = en; path = en.lproj/NewsViewController.xib; sourceTree = "<group>"; };
		8B71773E16D858FA001F1F94 /* SANDB.png */ = {isa = PBXFileReference; lastKnownFileType = image.png; path = SANDB.png; sourceTree = "<group>"; };
		8B9BB13816BC64F100C20358 /* SystemConfiguration.framework */ = {isa = PBXFileReference; lastKnownFileType = wrapper.framework; name = SystemConfiguration.framework; path = System/Library/Frameworks/SystemConfiguration.framework; sourceTree = SDKROOT; };
		8B9BB17716BEEE8F00C20358 /* Article.h */ = {isa = PBXFileReference; fileEncoding = 4; lastKnownFileType = sourcecode.c.h; path = Article.h; sourceTree = "<group>"; };
		8B9BB17816BEEE8F00C20358 /* Article.m */ = {isa = PBXFileReference; fileEncoding = 4; lastKnownFileType = sourcecode.c.objc; path = Article.m; sourceTree = "<group>"; };
		8BC46F5E16C823A3008642F7 /* ArtsViewController.h */ = {isa = PBXFileReference; fileEncoding = 4; lastKnownFileType = sourcecode.c.h; path = ArtsViewController.h; sourceTree = "<group>"; };
		8BC46F5F16C823A3008642F7 /* ArtsViewController.m */ = {isa = PBXFileReference; fileEncoding = 4; lastKnownFileType = sourcecode.c.objc; path = ArtsViewController.m; sourceTree = "<group>"; };
		8BC46F6016C823A3008642F7 /* ArtsViewController.xib */ = {isa = PBXFileReference; fileEncoding = 4; lastKnownFileType = file.xib; path = ArtsViewController.xib; sourceTree = "<group>"; };
		8BD1C80B16B32493005F3F23 /* S&B.app */ = {isa = PBXFileReference; explicitFileType = wrapper.application; includeInIndex = 0; path = "S&B.app"; sourceTree = BUILT_PRODUCTS_DIR; };
		8BD1C80F16B32493005F3F23 /* UIKit.framework */ = {isa = PBXFileReference; lastKnownFileType = wrapper.framework; name = UIKit.framework; path = System/Library/Frameworks/UIKit.framework; sourceTree = SDKROOT; };
		8BD1C81116B32493005F3F23 /* Foundation.framework */ = {isa = PBXFileReference; lastKnownFileType = wrapper.framework; name = Foundation.framework; path = System/Library/Frameworks/Foundation.framework; sourceTree = SDKROOT; };
		8BD1C81316B32493005F3F23 /* CoreGraphics.framework */ = {isa = PBXFileReference; lastKnownFileType = wrapper.framework; name = CoreGraphics.framework; path = System/Library/Frameworks/CoreGraphics.framework; sourceTree = SDKROOT; };
		8BD1C81716B32493005F3F23 /* SandB-iOS-Info.plist */ = {isa = PBXFileReference; lastKnownFileType = text.plist.xml; path = "SandB-iOS-Info.plist"; sourceTree = "<group>"; };
		8BD1C81916B32493005F3F23 /* en */ = {isa = PBXFileReference; lastKnownFileType = text.plist.strings; name = en; path = en.lproj/InfoPlist.strings; sourceTree = "<group>"; };
		8BD1C81B16B32493005F3F23 /* main.m */ = {isa = PBXFileReference; lastKnownFileType = sourcecode.c.objc; path = main.m; sourceTree = "<group>"; };
		8BD1C81D16B32493005F3F23 /* SandB-iOS-Prefix.pch */ = {isa = PBXFileReference; lastKnownFileType = sourcecode.c.h; path = "SandB-iOS-Prefix.pch"; sourceTree = "<group>"; };
		8BD1C81E16B32493005F3F23 /* AppDelegate.h */ = {isa = PBXFileReference; lastKnownFileType = sourcecode.c.h; path = AppDelegate.h; sourceTree = "<group>"; };
		8BD1C81F16B32493005F3F23 /* AppDelegate.m */ = {isa = PBXFileReference; lastKnownFileType = sourcecode.c.objc; path = AppDelegate.m; sourceTree = "<group>"; };
		8BD1C82F16B32493005F3F23 /* SportsViewController.m */ = {isa = PBXFileReference; lastKnownFileType = sourcecode.c.objc; path = SportsViewController.m; sourceTree = "<group>"; };
		8BD1C83C16B32493005F3F23 /* en */ = {isa = PBXFileReference; lastKnownFileType = file.xib; name = en; path = en.lproj/SportsViewController.xib; sourceTree = "<group>"; };
		8BD1C84616B32E2B005F3F23 /* SportsViewController.h */ = {isa = PBXFileReference; lastKnownFileType = sourcecode.c.h; path = SportsViewController.h; sourceTree = "<group>"; };
		8BE8DFE016B5B29D0024A477 /* NewsCell.xib */ = {isa = PBXFileReference; fileEncoding = 4; lastKnownFileType = file.xib; path = NewsCell.xib; sourceTree = "<group>"; };
		8BE8DFE316B5BBC10024A477 /* ArticleViewController.h */ = {isa = PBXFileReference; fileEncoding = 4; lastKnownFileType = sourcecode.c.h; path = ArticleViewController.h; sourceTree = "<group>"; };
		8BE8DFE416B5BBC10024A477 /* ArticleViewController.m */ = {isa = PBXFileReference; fileEncoding = 4; lastKnownFileType = sourcecode.c.objc; path = ArticleViewController.m; sourceTree = "<group>"; };
		8BE8DFE516B5BBC10024A477 /* ArticleViewController.xib */ = {isa = PBXFileReference; fileEncoding = 4; lastKnownFileType = file.xib; path = ArticleViewController.xib; sourceTree = "<group>"; };
		8BFB80BA16D80F9800571249 /* NSString_stripHtml.h */ = {isa = PBXFileReference; fileEncoding = 4; lastKnownFileType = sourcecode.c.h; name = NSString_stripHtml.h; path = ../NSString_stripHtml.h; sourceTree = "<group>"; };
		8BFB80BB16D80F9800571249 /* NSString_stripHtml.m */ = {isa = PBXFileReference; fileEncoding = 4; lastKnownFileType = sourcecode.c.objc; name = NSString_stripHtml.m; path = ../NSString_stripHtml.m; sourceTree = "<group>"; };
		8BFF61F616D164DB00CF3714 /* CommunityViewController.h */ = {isa = PBXFileReference; fileEncoding = 4; lastKnownFileType = sourcecode.c.h; path = CommunityViewController.h; sourceTree = "<group>"; };
		8BFF61F716D164DB00CF3714 /* CommunityViewController.m */ = {isa = PBXFileReference; fileEncoding = 4; lastKnownFileType = sourcecode.c.objc; path = CommunityViewController.m; sourceTree = "<group>"; };
		8BFF61F816D164DB00CF3714 /* CommunityViewController.xib */ = {isa = PBXFileReference; fileEncoding = 4; lastKnownFileType = file.xib; path = CommunityViewController.xib; sourceTree = "<group>"; };
		8BFF61FB16D16D4500CF3714 /* refresh.png */ = {isa = PBXFileReference; lastKnownFileType = image.png; path = refresh.png; sourceTree = "<group>"; };
		E19E28F7180E5C7B00ED33FE /* Default@2x.png */ = {isa = PBXFileReference; lastKnownFileType = image.png; path = "Default@2x.png"; sourceTree = "<group>"; };
		E19E28F8180E5C7B00ED33FE /* Default-568h@2x.png */ = {isa = PBXFileReference; lastKnownFileType = image.png; path = "Default-568h@2x.png"; sourceTree = "<group>"; };
		E19E28FB180E5D3200ED33FE /* Default-Landscape.png */ = {isa = PBXFileReference; lastKnownFileType = image.png; path = "Default-Landscape.png"; sourceTree = "<group>"; };
		E19E28FC180E5D3200ED33FE /* Default-Portrait.png */ = {isa = PBXFileReference; lastKnownFileType = image.png; path = "Default-Portrait.png"; sourceTree = "<group>"; };
		E19E28FD180E5D3200ED33FE /* Default-Landscape@2x.png */ = {isa = PBXFileReference; lastKnownFileType = image.png; path = "Default-Landscape@2x.png"; sourceTree = "<group>"; };
		E19E28FE180E5D3200ED33FE /* Default-Portrait@2x.png */ = {isa = PBXFileReference; lastKnownFileType = image.png; path = "Default-Portrait@2x.png"; sourceTree = "<group>"; };
		E19E2903180E5ED200ED33FE /* icon-29.png */ = {isa = PBXFileReference; lastKnownFileType = image.png; path = "icon-29.png"; sourceTree = "<group>"; };
		E19E2904180E5ED200ED33FE /* icon-40.png */ = {isa = PBXFileReference; lastKnownFileType = image.png; path = "icon-40.png"; sourceTree = "<group>"; };
		E19E2905180E5ED200ED33FE /* icon-58.png */ = {isa = PBXFileReference; lastKnownFileType = image.png; path = "icon-58.png"; sourceTree = "<group>"; };
		E19E2906180E5ED200ED33FE /* icon-76.png */ = {isa = PBXFileReference; lastKnownFileType = image.png; path = "icon-76.png"; sourceTree = "<group>"; };
		E19E2907180E5ED200ED33FE /* icon-80.png */ = {isa = PBXFileReference; lastKnownFileType = image.png; path = "icon-80.png"; sourceTree = "<group>"; };
		E19E2908180E5ED200ED33FE /* icon-120.png */ = {isa = PBXFileReference; lastKnownFileType = image.png; path = "icon-120.png"; sourceTree = "<group>"; };
		E19E2909180E5ED200ED33FE /* icon-152.png */ = {isa = PBXFileReference; lastKnownFileType = image.png; path = "icon-152.png"; sourceTree = "<group>"; };
/* End PBXFileReference section */

/* Begin PBXFrameworksBuildPhase section */
		8BD1C80816B32493005F3F23 /* Frameworks */ = {
			isa = PBXFrameworksBuildPhase;
			buildActionMask = 2147483647;
			files = (
				8B9BB13916BC64F100C20358 /* SystemConfiguration.framework in Frameworks */,
				8BD1C81016B32493005F3F23 /* UIKit.framework in Frameworks */,
				8BD1C81216B32493005F3F23 /* Foundation.framework in Frameworks */,
				8BD1C81416B32493005F3F23 /* CoreGraphics.framework in Frameworks */,
				0A72ADD2A3AA4449A8D2C7FC /* libPods.a in Frameworks */,
			);
			runOnlyForDeploymentPostprocessing = 0;
		};
/* End PBXFrameworksBuildPhase section */

/* Begin PBXGroup section */
		3BEBCE8316C5A94700B6DD08 /* Main Views */ = {
			isa = PBXGroup;
			children = (
				8B5B20741721DBCD00E9E3AA /* NewsViewController.h */,
				8B5B20751721DBCD00E9E3AA /* NewsViewController.m */,
				8B5B20771721DBE900E9E3AA /* NewsViewController.xib */,
				8BD1C84616B32E2B005F3F23 /* SportsViewController.h */,
				8BD1C82F16B32493005F3F23 /* SportsViewController.m */,
				8BD1C83B16B32493005F3F23 /* SportsViewController.xib */,
				8BFF61F616D164DB00CF3714 /* CommunityViewController.h */,
				8BFF61F716D164DB00CF3714 /* CommunityViewController.m */,
				8BFF61F816D164DB00CF3714 /* CommunityViewController.xib */,
				3BEBCE7E16C5A79900B6DD08 /* FeaturesViewController.h */,
				3BEBCE7F16C5A79900B6DD08 /* FeaturesViewController.m */,
				3BEBCE8016C5A79900B6DD08 /* FeaturesViewController.xib */,
				3BEBCE8716C5AB7000B6DD08 /* OpinionViewController.h */,
				3BEBCE8816C5AB7000B6DD08 /* OpinionViewController.m */,
				3BEBCE8916C5AB7000B6DD08 /* OpinionViewController.xib */,
				8BC46F5E16C823A3008642F7 /* ArtsViewController.h */,
				8BC46F5F16C823A3008642F7 /* ArtsViewController.m */,
				8BC46F6016C823A3008642F7 /* ArtsViewController.xib */,
				8BE8DFE316B5BBC10024A477 /* ArticleViewController.h */,
				8BE8DFE416B5BBC10024A477 /* ArticleViewController.m */,
				8BE8DFE516B5BBC10024A477 /* ArticleViewController.xib */,
			);
			name = "Main Views";
			sourceTree = "<group>";
		};
		3BEBCE8416C5A96900B6DD08 /* App Delegate */ = {
			isa = PBXGroup;
			children = (
				8BD1C81E16B32493005F3F23 /* AppDelegate.h */,
				8BD1C81F16B32493005F3F23 /* AppDelegate.m */,
			);
			name = "App Delegate";
			sourceTree = "<group>";
		};
		3BEBCE8516C5A98400B6DD08 /* Helper Classes */ = {
			isa = PBXGroup;
			children = (
				8BFB80BA16D80F9800571249 /* NSString_stripHtml.h */,
				8BFB80BB16D80F9800571249 /* NSString_stripHtml.m */,
				8B9BB17716BEEE8F00C20358 /* Article.h */,
				8B9BB17816BEEE8F00C20358 /* Article.m */,
				8BE8DFE016B5B29D0024A477 /* NewsCell.xib */,
				3BEBCE7A16C59D0B00B6DD08 /* SuperViewController.h */,
				3BEBCE7B16C59D0B00B6DD08 /* SuperViewController.m */,
			);
			name = "Helper Classes";
			sourceTree = "<group>";
		};
		3BEBCE8616C5A9A000B6DD08 /* Images */ = {
			isa = PBXGroup;
			children = (
				8B4F81E816ED0E47008466CE /* Icons */,
				8B71773E16D858FA001F1F94 /* SANDB.png */,
				3BD9DEA716D17A1B0053C1C5 /* newspaper.png */,
				3BD9DEA916D17A390053C1C5 /* basketball.png */,
				3BD9DEAF16D17E260053C1C5 /* group.png */,
				3BD9DEAA16D17A390053C1C5 /* brain.png */,
				3BD9DEAB16D17A390053C1C5 /* drama.png */,
				8BFF61FB16D16D4500CF3714 /* refresh.png */,
			);
			name = Images;
			sourceTree = "<group>";
		};
		8B4F81E816ED0E47008466CE /* Icons */ = {
			isa = PBXGroup;
			children = (
				8B125BB61721005B00C550F7 /* Icon-Small.png */,
				8B125BB41720FFCC00C550F7 /* Icon-Small@2x.png */,
				8B125BB21720FF4700C550F7 /* Icon-Small-50.png */,
				8B125BAA1720FD5E00C550F7 /* Icon-72.png */,
				E19E2903180E5ED200ED33FE /* icon-29.png */,
				E19E2904180E5ED200ED33FE /* icon-40.png */,
				E19E2905180E5ED200ED33FE /* icon-58.png */,
				E19E2906180E5ED200ED33FE /* icon-76.png */,
				E19E2907180E5ED200ED33FE /* icon-80.png */,
				E19E2908180E5ED200ED33FE /* icon-120.png */,
				E19E2909180E5ED200ED33FE /* icon-152.png */,
				8B125BB01720FECD00C550F7 /* Icon@2x.png */,
				8B125BAC1720FD7900C550F7 /* SnBLogoNew144.png */,
				8B125BAE1720FE1B00C550F7 /* Icon.png */,
				8B125BB8172100BF00C550F7 /* iTunesArtwork.png */,
				8B125BBA172100FF00C550F7 /* iTunesArtwork@2x.png */,
				8B40D5031729D4060000128D /* TopBanneriPhone.png */,
				8B40D5051729D4150000128D /* TopBanneriPad.png */,
			);
			name = Icons;
			sourceTree = "<group>";
		};
		8BD1C80016B32493005F3F23 = {
			isa = PBXGroup;
			children = (
				8BD1C81516B32493005F3F23 /* SandB-iOS */,
				8BD1C80E16B32493005F3F23 /* Frameworks */,
				8BD1C80C16B32493005F3F23 /* Products */,
				43B56FF85CDE42F196966E07 /* Pods.xcconfig */,
			);
			sourceTree = "<group>";
		};
		8BD1C80C16B32493005F3F23 /* Products */ = {
			isa = PBXGroup;
			children = (
				8BD1C80B16B32493005F3F23 /* S&B.app */,
			);
			name = Products;
			sourceTree = "<group>";
		};
		8BD1C80E16B32493005F3F23 /* Frameworks */ = {
			isa = PBXGroup;
			children = (
				8B9BB13816BC64F100C20358 /* SystemConfiguration.framework */,
				8BD1C80F16B32493005F3F23 /* UIKit.framework */,
				8BD1C81116B32493005F3F23 /* Foundation.framework */,
				8BD1C81316B32493005F3F23 /* CoreGraphics.framework */,
				860B32250CAC4589B9915763 /* libPods.a */,
			);
			name = Frameworks;
			sourceTree = "<group>";
		};
		8BD1C81516B32493005F3F23 /* SandB-iOS */ = {
			isa = PBXGroup;
			children = (
				3BEBCE8416C5A96900B6DD08 /* App Delegate */,
				3BEBCE8516C5A98400B6DD08 /* Helper Classes */,
				3BEBCE8616C5A9A000B6DD08 /* Images */,
				3BEBCE8316C5A94700B6DD08 /* Main Views */,
				8BD1C81616B32493005F3F23 /* Supporting Files */,
			);
			path = "SandB-iOS";
			sourceTree = "<group>";
		};
		8BD1C81616B32493005F3F23 /* Supporting Files */ = {
			isa = PBXGroup;
			children = (
				8BD1C81716B32493005F3F23 /* SandB-iOS-Info.plist */,
				8BD1C81816B32493005F3F23 /* InfoPlist.strings */,
				8BD1C81B16B32493005F3F23 /* main.m */,
				8BD1C81D16B32493005F3F23 /* SandB-iOS-Prefix.pch */,
				E19E28F7180E5C7B00ED33FE /* Default@2x.png */,
				E19E28F8180E5C7B00ED33FE /* Default-568h@2x.png */,
				E19E28FB180E5D3200ED33FE /* Default-Landscape.png */,
				E19E28FC180E5D3200ED33FE /* Default-Portrait.png */,
				E19E28FD180E5D3200ED33FE /* Default-Landscape@2x.png */,
				E19E28FE180E5D3200ED33FE /* Default-Portrait@2x.png */,
			);
			name = "Supporting Files";
			sourceTree = "<group>";
		};
/* End PBXGroup section */

/* Begin PBXNativeTarget section */
		8BD1C80A16B32493005F3F23 /* S&B */ = {
			isa = PBXNativeTarget;
			buildConfigurationList = 8BD1C84316B32493005F3F23 /* Build configuration list for PBXNativeTarget "S&B" */;
			buildPhases = (
				1A0EF58DF03C4B8CBAB6CE7D /* Check Pods Manifest.lock */,
				8BD1C80716B32493005F3F23 /* Sources */,
				8BD1C80816B32493005F3F23 /* Frameworks */,
				8BD1C80916B32493005F3F23 /* Resources */,
				83CEC29E5FDD4F6EAA129B86 /* Copy Pods Resources */,
			);
			buildRules = (
			);
			dependencies = (
			);
			name = "S&B";
			productName = "SandB-iOS";
			productReference = 8BD1C80B16B32493005F3F23 /* S&B.app */;
			productType = "com.apple.product-type.application";
		};
/* End PBXNativeTarget section */

/* Begin PBXProject section */
		8BD1C80216B32493005F3F23 /* Project object */ = {
			isa = PBXProject;
			attributes = {
				CLASSPREFIX = "";
				LastUpgradeCheck = 0450;
				ORGANIZATIONNAME = "Grinnell AppDev";
				TargetAttributes = {
					8BD1C80A16B32493005F3F23 = {
						DevelopmentTeam = H69TS4DPUJ;
					};
				};
			};
			buildConfigurationList = 8BD1C80516B32493005F3F23 /* Build configuration list for PBXProject "SandB-iOS" */;
			compatibilityVersion = "Xcode 3.2";
			developmentRegion = English;
			hasScannedForEncodings = 0;
			knownRegions = (
				en,
			);
			mainGroup = 8BD1C80016B32493005F3F23;
			productRefGroup = 8BD1C80C16B32493005F3F23 /* Products */;
			projectDirPath = "";
			projectRoot = "";
			targets = (
				8BD1C80A16B32493005F3F23 /* S&B */,
			);
		};
/* End PBXProject section */

/* Begin PBXResourcesBuildPhase section */
		8BD1C80916B32493005F3F23 /* Resources */ = {
			isa = PBXResourcesBuildPhase;
			buildActionMask = 2147483647;
			files = (
				8BD1C81A16B32493005F3F23 /* InfoPlist.strings in Resources */,
				8BD1C83D16B32493005F3F23 /* SportsViewController.xib in Resources */,
				8BE8DFE116B5B29D0024A477 /* NewsCell.xib in Resources */,
				E19E2902180E5D3200ED33FE /* Default-Portrait@2x.png in Resources */,
				8BE8DFE716B5BBC10024A477 /* ArticleViewController.xib in Resources */,
				E19E290C180E5ED200ED33FE /* icon-58.png in Resources */,
				3BEBCE8216C5A79900B6DD08 /* FeaturesViewController.xib in Resources */,
				3BEBCE8B16C5AB7000B6DD08 /* OpinionViewController.xib in Resources */,
				E19E290F180E5ED200ED33FE /* icon-120.png in Resources */,
				E19E28FA180E5C7B00ED33FE /* Default-568h@2x.png in Resources */,
				8BC46F6216C823A3008642F7 /* ArtsViewController.xib in Resources */,
				8BFF61FA16D164DB00CF3714 /* CommunityViewController.xib in Resources */,
				8BFF61FC16D16D4500CF3714 /* refresh.png in Resources */,
				3BD9DEA816D17A1B0053C1C5 /* newspaper.png in Resources */,
				3BD9DEAC16D17A390053C1C5 /* basketball.png in Resources */,
				E19E290B180E5ED200ED33FE /* icon-40.png in Resources */,
				E19E290A180E5ED200ED33FE /* icon-29.png in Resources */,
				E19E290E180E5ED200ED33FE /* icon-80.png in Resources */,
				E19E290D180E5ED200ED33FE /* icon-76.png in Resources */,
				3BD9DEAD16D17A390053C1C5 /* brain.png in Resources */,
				E19E28F9180E5C7B00ED33FE /* Default@2x.png in Resources */,
				3BD9DEAE16D17A390053C1C5 /* drama.png in Resources */,
				3BD9DEB016D17E260053C1C5 /* group.png in Resources */,
				8B71773F16D858FA001F1F94 /* SANDB.png in Resources */,
				8B125BAB1720FD5E00C550F7 /* Icon-72.png in Resources */,
				E19E2901180E5D3200ED33FE /* Default-Landscape@2x.png in Resources */,
				8B125BAD1720FD7900C550F7 /* SnBLogoNew144.png in Resources */,
				8B125BAF1720FE1B00C550F7 /* Icon.png in Resources */,
				8B125BB11720FECD00C550F7 /* Icon@2x.png in Resources */,
				E19E2910180E5ED200ED33FE /* icon-152.png in Resources */,
				8B125BB31720FF4700C550F7 /* Icon-Small-50.png in Resources */,
				8B125BB51720FFCD00C550F7 /* Icon-Small@2x.png in Resources */,
				E19E28FF180E5D3200ED33FE /* Default-Landscape.png in Resources */,
				8B125BB71721005B00C550F7 /* Icon-Small.png in Resources */,
				8B125BB9172100C000C550F7 /* iTunesArtwork.png in Resources */,
				E19E2900180E5D3200ED33FE /* Default-Portrait.png in Resources */,
				8B125BBB172100FF00C550F7 /* iTunesArtwork@2x.png in Resources */,
				8B5B20791721DBE900E9E3AA /* NewsViewController.xib in Resources */,
				8B40D5041729D4060000128D /* TopBanneriPhone.png in Resources */,
				8B40D5061729D4150000128D /* TopBanneriPad.png in Resources */,
			);
			runOnlyForDeploymentPostprocessing = 0;
		};
/* End PBXResourcesBuildPhase section */

/* Begin PBXShellScriptBuildPhase section */
		1A0EF58DF03C4B8CBAB6CE7D /* Check Pods Manifest.lock */ = {
			isa = PBXShellScriptBuildPhase;
			buildActionMask = 2147483647;
			files = (
			);
			inputPaths = (
			);
			name = "Check Pods Manifest.lock";
			outputPaths = (
			);
			runOnlyForDeploymentPostprocessing = 0;
			shellPath = /bin/sh;
			shellScript = "diff \"${PODS_ROOT}/../Podfile.lock\" \"${PODS_ROOT}/Manifest.lock\" > /dev/null\nif [[ $? != 0 ]] ; then\n    cat << EOM\nerror: The sandbox is not in sync with the Podfile.lock. Run 'pod install' or update your CocoaPods installation.\nEOM\n    exit 1\nfi\n";
			showEnvVarsInLog = 0;
		};
		83CEC29E5FDD4F6EAA129B86 /* Copy Pods Resources */ = {
			isa = PBXShellScriptBuildPhase;
			buildActionMask = 2147483647;
			files = (
			);
			inputPaths = (
			);
			name = "Copy Pods Resources";
			outputPaths = (
			);
			runOnlyForDeploymentPostprocessing = 0;
			shellPath = /bin/sh;
			shellScript = "\"${SRCROOT}/Pods/Pods-resources.sh\"\n";
			showEnvVarsInLog = 0;
		};
/* End PBXShellScriptBuildPhase section */

/* Begin PBXSourcesBuildPhase section */
		8BD1C80716B32493005F3F23 /* Sources */ = {
			isa = PBXSourcesBuildPhase;
			buildActionMask = 2147483647;
			files = (
				8BD1C81C16B32493005F3F23 /* main.m in Sources */,
				8BD1C82016B32493005F3F23 /* AppDelegate.m in Sources */,
				8BD1C83016B32493005F3F23 /* SportsViewController.m in Sources */,
				8BE8DFE616B5BBC10024A477 /* ArticleViewController.m in Sources */,
				8B9BB17916BEEE8F00C20358 /* Article.m in Sources */,
				3BEBCE7C16C59D0B00B6DD08 /* SuperViewController.m in Sources */,
				3BEBCE8116C5A79900B6DD08 /* FeaturesViewController.m in Sources */,
				3BEBCE8A16C5AB7000B6DD08 /* OpinionViewController.m in Sources */,
				8BC46F6116C823A3008642F7 /* ArtsViewController.m in Sources */,
				8BFF61F916D164DB00CF3714 /* CommunityViewController.m in Sources */,
				8BFB80BC16D80F9800571249 /* NSString_stripHtml.m in Sources */,
				8B5B20761721DBCD00E9E3AA /* NewsViewController.m in Sources */,
			);
			runOnlyForDeploymentPostprocessing = 0;
		};
/* End PBXSourcesBuildPhase section */

/* Begin PBXVariantGroup section */
		8B5B20771721DBE900E9E3AA /* NewsViewController.xib */ = {
			isa = PBXVariantGroup;
			children = (
				8B5B20781721DBE900E9E3AA /* en */,
			);
			name = NewsViewController.xib;
			sourceTree = "<group>";
		};
		8BD1C81816B32493005F3F23 /* InfoPlist.strings */ = {
			isa = PBXVariantGroup;
			children = (
				8BD1C81916B32493005F3F23 /* en */,
			);
			name = InfoPlist.strings;
			sourceTree = "<group>";
		};
		8BD1C83B16B32493005F3F23 /* SportsViewController.xib */ = {
			isa = PBXVariantGroup;
			children = (
				8BD1C83C16B32493005F3F23 /* en */,
			);
			name = SportsViewController.xib;
			sourceTree = "<group>";
		};
/* End PBXVariantGroup section */

/* Begin XCBuildConfiguration section */
		8BD1C84116B32493005F3F23 /* Debug */ = {
			isa = XCBuildConfiguration;
			buildSettings = {
				ALWAYS_SEARCH_USER_PATHS = NO;
				CLANG_CXX_LANGUAGE_STANDARD = "gnu++0x";
				CLANG_CXX_LIBRARY = "libc++";
				CLANG_ENABLE_OBJC_ARC = YES;
				CLANG_WARN_EMPTY_BODY = YES;
				CLANG_WARN__DUPLICATE_METHOD_MATCH = YES;
				CODE_SIGN_IDENTITY = "iPhone Distribution: Lea Marolt (H69TS4DPUJ)";
				"CODE_SIGN_IDENTITY[sdk=iphoneos*]" = "iPhone Distribution: Lea Marolt (H69TS4DPUJ)";
				COPY_PHASE_STRIP = NO;
				GCC_C_LANGUAGE_STANDARD = gnu99;
				GCC_DYNAMIC_NO_PIC = NO;
				GCC_OPTIMIZATION_LEVEL = 0;
				GCC_PREPROCESSOR_DEFINITIONS = (
					"DEBUG=1",
					"$(inherited)",
				);
				GCC_SYMBOLS_PRIVATE_EXTERN = NO;
				GCC_WARN_ABOUT_RETURN_TYPE = YES;
				GCC_WARN_UNINITIALIZED_AUTOS = YES;
				GCC_WARN_UNUSED_VARIABLE = YES;
				IPHONEOS_DEPLOYMENT_TARGET = 7.0;
				ONLY_ACTIVE_ARCH = YES;
				PROVISIONING_PROFILE = "D1ADD1FE-5CBD-40EF-BD4A-18E79985C41A";
				"PROVISIONING_PROFILE[sdk=iphoneos*]" = "D1ADD1FE-5CBD-40EF-BD4A-18E79985C41A";
				SDKROOT = iphoneos;
				TARGETED_DEVICE_FAMILY = "1,2";
			};
			name = Debug;
		};
		8BD1C84216B32493005F3F23 /* Release */ = {
			isa = XCBuildConfiguration;
			buildSettings = {
				ALWAYS_SEARCH_USER_PATHS = NO;
				CLANG_CXX_LANGUAGE_STANDARD = "gnu++0x";
				CLANG_CXX_LIBRARY = "libc++";
				CLANG_ENABLE_OBJC_ARC = YES;
				CLANG_WARN_EMPTY_BODY = YES;
				CLANG_WARN__DUPLICATE_METHOD_MATCH = YES;
				CODE_SIGN_IDENTITY = "iPhone Distribution: Lea Marolt (H69TS4DPUJ)";
				"CODE_SIGN_IDENTITY[sdk=iphoneos*]" = "iPhone Distribution: Lea Marolt (H69TS4DPUJ)";
				COPY_PHASE_STRIP = YES;
				GCC_C_LANGUAGE_STANDARD = gnu99;
				GCC_WARN_ABOUT_RETURN_TYPE = YES;
				GCC_WARN_UNINITIALIZED_AUTOS = YES;
				GCC_WARN_UNUSED_VARIABLE = YES;
				IPHONEOS_DEPLOYMENT_TARGET = 7.0;
				OTHER_CFLAGS = "-DNS_BLOCK_ASSERTIONS=1";
				PROVISIONING_PROFILE = "D1ADD1FE-5CBD-40EF-BD4A-18E79985C41A";
				"PROVISIONING_PROFILE[sdk=iphoneos*]" = "D1ADD1FE-5CBD-40EF-BD4A-18E79985C41A";
				SDKROOT = iphoneos;
				TARGETED_DEVICE_FAMILY = "1,2";
				VALIDATE_PRODUCT = YES;
			};
			name = Release;
		};
		8BD1C84416B32493005F3F23 /* Debug */ = {
			isa = XCBuildConfiguration;
			baseConfigurationReference = 43B56FF85CDE42F196966E07 /* Pods.xcconfig */;
			buildSettings = {
				CODE_SIGN_IDENTITY = "iPhone Distribution: Lea Marolt (H69TS4DPUJ)";
				"CODE_SIGN_IDENTITY[sdk=iphoneos*]" = "iPhone Distribution: Lea Marolt (H69TS4DPUJ)";
				GCC_PRECOMPILE_PREFIX_HEADER = YES;
				GCC_PREFIX_HEADER = "SandB-iOS/SandB-iOS-Prefix.pch";
				INFOPLIST_FILE = "SandB-iOS/SandB-iOS-Info.plist";
				IPHONEOS_DEPLOYMENT_TARGET = 7.0;
				PRODUCT_NAME = "$(TARGET_NAME)";
				PROVISIONING_PROFILE = "D1ADD1FE-5CBD-40EF-BD4A-18E79985C41A";
				WRAPPER_EXTENSION = app;
			};
			name = Debug;
		};
		8BD1C84516B32493005F3F23 /* Release */ = {
			isa = XCBuildConfiguration;
			baseConfigurationReference = 43B56FF85CDE42F196966E07 /* Pods.xcconfig */;
			buildSettings = {
				CODE_SIGN_IDENTITY = "iPhone Distribution: Lea Marolt (H69TS4DPUJ)";
				"CODE_SIGN_IDENTITY[sdk=iphoneos*]" = "iPhone Distribution: Lea Marolt (H69TS4DPUJ)";
				GCC_PRECOMPILE_PREFIX_HEADER = YES;
				GCC_PREFIX_HEADER = "SandB-iOS/SandB-iOS-Prefix.pch";
				INFOPLIST_FILE = "SandB-iOS/SandB-iOS-Info.plist";
				IPHONEOS_DEPLOYMENT_TARGET = 7.0;
				PRODUCT_NAME = "$(TARGET_NAME)";
				PROVISIONING_PROFILE = "D1ADD1FE-5CBD-40EF-BD4A-18E79985C41A";
				"PROVISIONING_PROFILE[sdk=iphoneos*]" = "D1ADD1FE-5CBD-40EF-BD4A-18E79985C41A";
				WRAPPER_EXTENSION = app;
			};
			name = Release;
		};
/* End XCBuildConfiguration section */

/* Begin XCConfigurationList section */
		8BD1C80516B32493005F3F23 /* Build configuration list for PBXProject "SandB-iOS" */ = {
			isa = XCConfigurationList;
			buildConfigurations = (
				8BD1C84116B32493005F3F23 /* Debug */,
				8BD1C84216B32493005F3F23 /* Release */,
			);
			defaultConfigurationIsVisible = 0;
			defaultConfigurationName = Release;
		};
		8BD1C84316B32493005F3F23 /* Build configuration list for PBXNativeTarget "S&B" */ = {
			isa = XCConfigurationList;
			buildConfigurations = (
				8BD1C84416B32493005F3F23 /* Debug */,
				8BD1C84516B32493005F3F23 /* Release */,
			);
			defaultConfigurationIsVisible = 0;
			defaultConfigurationName = Release;
		};
/* End XCConfigurationList section */
	};
	rootObject = 8BD1C80216B32493005F3F23 /* Project object */;
}
